PODS:
  - GoogleMaps/Base (4.2.0)
  - GooglePlaces (4.2.0):
    - GoogleMaps/Base (= 4.2.0)
  - JSSAlertView (5.0.2)
  - LGButton (1.1.6)
  - SideMenu (6.5.0)

DEPENDENCIES:
  - GooglePlaces (= 4.2.0)
  - JSSAlertView
  - LGButton
  - SideMenu

SPEC REPOS:
  trunk:
    - GoogleMaps
    - GooglePlaces
    - JSSAlertView
    - LGButton
    - SideMenu

SPEC CHECKSUMS:
  GoogleMaps: eb03e327edfd70b06de1e6e321653f73712df7ad
  GooglePlaces: 196a9dd88580dcb3f3df46f415057703d0d2a310
  JSSAlertView: 18345e37d8295827428c12b773b6d75d0dfd0b28
  LGButton: 9f0a7f9d3030e3f504108342f6b66d64a429371b
  SideMenu: f583187d21c5b1dd04c72002be544b555a2627a2

PODFILE CHECKSUM: 9ed913ecb7ce109bf257dce135fff8d1e1c89848

COCOAPODS: 1.10.1
