// !$*UTF8*$!
{
	archiveVersion = 1;
	classes = {
	};
	objectVersion = 50;
	objects = {

/* Begin PBXBuildFile section */
		BB61A70325EDFB7100EB1228 /* AppDelegate.swift in Sources */ = {isa = PBXBuildFile; fileRef = BB61A70225EDFB7100EB1228 /* AppDelegate.swift */; };
		BB61A70525EDFB7100EB1228 /* SceneDelegate.swift in Sources */ = {isa = PBXBuildFile; fileRef = BB61A70425EDFB7100EB1228 /* SceneDelegate.swift */; };
		BB61A70725EDFB7100EB1228 /* ViewController.swift in Sources */ = {isa = PBXBuildFile; fileRef = BB61A70625EDFB7100EB1228 /* ViewController.swift */; };
		BB61A70A25EDFB7100EB1228 /* Main.storyboard in Resources */ = {isa = PBXBuildFile; fileRef = BB61A70825EDFB7100EB1228 /* Main.storyboard */; };
		BB61A70C25EDFB7400EB1228 /* Assets.xcassets in Resources */ = {isa = PBXBuildFile; fileRef = BB61A70B25EDFB7400EB1228 /* Assets.xcassets */; };
		BB61A70F25EDFB7400EB1228 /* LaunchScreen.storyboard in Resources */ = {isa = PBXBuildFile; fileRef = BB61A70D25EDFB7400EB1228 /* LaunchScreen.storyboard */; };
		BB61A71A25EDFB7500EB1228 /* GreenBeansSBTests.swift in Sources */ = {isa = PBXBuildFile; fileRef = BB61A71925EDFB7500EB1228 /* GreenBeansSBTests.swift */; };
		BB61A72525EDFB7500EB1228 /* GreenBeansSBUITests.swift in Sources */ = {isa = PBXBuildFile; fileRef = BB61A72425EDFB7500EB1228 /* GreenBeansSBUITests.swift */; };
/* End PBXBuildFile section */

/* Begin PBXContainerItemProxy section */
		BB61A71625EDFB7500EB1228 /* PBXContainerItemProxy */ = {
			isa = PBXContainerItemProxy;
			containerPortal = BB61A6F725EDFB7000EB1228 /* Project object */;
			proxyType = 1;
			remoteGlobalIDString = BB61A6FE25EDFB7100EB1228;
			remoteInfo = GreenBeansSB;
		};
		BB61A72125EDFB7500EB1228 /* PBXContainerItemProxy */ = {
			isa = PBXContainerItemProxy;
			containerPortal = BB61A6F725EDFB7000EB1228 /* Project object */;
			proxyType = 1;
			remoteGlobalIDString = BB61A6FE25EDFB7100EB1228;
			remoteInfo = GreenBeansSB;
		};
/* End PBXContainerItemProxy section */

/* Begin PBXFileReference section */
		BB61A6FF25EDFB7100EB1228 /* GreenBeansSB.app */ = {isa = PBXFileReference; explicitFileType = wrapper.application; includeInIndex = 0; path = GreenBeansSB.app; sourceTree = BUILT_PRODUCTS_DIR; };
		BB61A70225EDFB7100EB1228 /* AppDelegate.swift */ = {isa = PBXFileReference; lastKnownFileType = sourcecode.swift; path = AppDelegate.swift; sourceTree = "<group>"; };
		BB61A70425EDFB7100EB1228 /* SceneDelegate.swift */ = {isa = PBXFileReference; lastKnownFileType = sourcecode.swift; path = SceneDelegate.swift; sourceTree = "<group>"; };
		BB61A70625EDFB7100EB1228 /* ViewController.swift */ = {isa = PBXFileReference; lastKnownFileType = sourcecode.swift; path = ViewController.swift; sourceTree = "<group>"; };
		BB61A70925EDFB7100EB1228 /* Base */ = {isa = PBXFileReference; lastKnownFileType = file.storyboard; name = Base; path = Base.lproj/Main.storyboard; sourceTree = "<group>"; };
		BB61A70B25EDFB7400EB1228 /* Assets.xcassets */ = {isa = PBXFileReference; lastKnownFileType = folder.assetcatalog; path = Assets.xcassets; sourceTree = "<group>"; };
		BB61A70E25EDFB7400EB1228 /* Base */ = {isa = PBXFileReference; lastKnownFileType = file.storyboard; name = Base; path = Base.lproj/LaunchScreen.storyboard; sourceTree = "<group>"; };
		BB61A71025EDFB7400EB1228 /* Info.plist */ = {isa = PBXFileReference; lastKnownFileType = text.plist.xml; path = Info.plist; sourceTree = "<group>"; };
		BB61A71525EDFB7500EB1228 /* GreenBeansSBTests.xctest */ = {isa = PBXFileReference; explicitFileType = wrapper.cfbundle; includeInIndex = 0; path = GreenBeansSBTests.xctest; sourceTree = BUILT_PRODUCTS_DIR; };
		BB61A71925EDFB7500EB1228 /* GreenBeansSBTests.swift */ = {isa = PBXFileReference; lastKnownFileType = sourcecode.swift; path = GreenBeansSBTests.swift; sourceTree = "<group>"; };
		BB61A71B25EDFB7500EB1228 /* Info.plist */ = {isa = PBXFileReference; lastKnownFileType = text.plist.xml; path = Info.plist; sourceTree = "<group>"; };
		BB61A72025EDFB7500EB1228 /* GreenBeansSBUITests.xctest */ = {isa = PBXFileReference; explicitFileType = wrapper.cfbundle; includeInIndex = 0; path = GreenBeansSBUITests.xctest; sourceTree = BUILT_PRODUCTS_DIR; };
		BB61A72425EDFB7500EB1228 /* GreenBeansSBUITests.swift */ = {isa = PBXFileReference; lastKnownFileType = sourcecode.swift; path = GreenBeansSBUITests.swift; sourceTree = "<group>"; };
		BB61A72625EDFB7500EB1228 /* Info.plist */ = {isa = PBXFileReference; lastKnownFileType = text.plist.xml; path = Info.plist; sourceTree = "<group>"; };
/* End PBXFileReference section */

/* Begin PBXFrameworksBuildPhase section */
		BB61A6FC25EDFB7100EB1228 /* Frameworks */ = {
			isa = PBXFrameworksBuildPhase;
			buildActionMask = 2147483647;
			files = (
			);
			runOnlyForDeploymentPostprocessing = 0;
		};
		BB61A71225EDFB7500EB1228 /* Frameworks */ = {
			isa = PBXFrameworksBuildPhase;
			buildActionMask = 2147483647;
			files = (
			);
			runOnlyForDeploymentPostprocessing = 0;
		};
		BB61A71D25EDFB7500EB1228 /* Frameworks */ = {
			isa = PBXFrameworksBuildPhase;
			buildActionMask = 2147483647;
			files = (
			);
			runOnlyForDeploymentPostprocessing = 0;
		};
/* End PBXFrameworksBuildPhase section */

/* Begin PBXGroup section */
		BB61A6F625EDFB7000EB1228 = {
			isa = PBXGroup;
			children = (
				BB61A70125EDFB7100EB1228 /* GreenBeansSB */,
				BB61A71825EDFB7500EB1228 /* GreenBeansSBTests */,
				BB61A72325EDFB7500EB1228 /* GreenBeansSBUITests */,
				BB61A70025EDFB7100EB1228 /* Products */,
			);
			sourceTree = "<group>";
		};
		BB61A70025EDFB7100EB1228 /* Products */ = {
			isa = PBXGroup;
			children = (
				BB61A6FF25EDFB7100EB1228 /* GreenBeansSB.app */,
				BB61A71525EDFB7500EB1228 /* GreenBeansSBTests.xctest */,
				BB61A72025EDFB7500EB1228 /* GreenBeansSBUITests.xctest */,
			);
			name = Products;
			sourceTree = "<group>";
		};
		BB61A70125EDFB7100EB1228 /* GreenBeansSB */ = {
			isa = PBXGroup;
			children = (
				BB61A70225EDFB7100EB1228 /* AppDelegate.swift */,
				BB61A70425EDFB7100EB1228 /* SceneDelegate.swift */,
				BB61A70625EDFB7100EB1228 /* ViewController.swift */,
				BB61A70825EDFB7100EB1228 /* Main.storyboard */,
				BB61A70B25EDFB7400EB1228 /* Assets.xcassets */,
				BB61A70D25EDFB7400EB1228 /* LaunchScreen.storyboard */,
				BB61A71025EDFB7400EB1228 /* Info.plist */,
			);
			path = GreenBeansSB;
			sourceTree = "<group>";
		};
		BB61A71825EDFB7500EB1228 /* GreenBeansSBTests */ = {
			isa = PBXGroup;
			children = (
				BB61A71925EDFB7500EB1228 /* GreenBeansSBTests.swift */,
				BB61A71B25EDFB7500EB1228 /* Info.plist */,
			);
			path = GreenBeansSBTests;
			sourceTree = "<group>";
		};
		BB61A72325EDFB7500EB1228 /* GreenBeansSBUITests */ = {
			isa = PBXGroup;
			children = (
				BB61A72425EDFB7500EB1228 /* GreenBeansSBUITests.swift */,
				BB61A72625EDFB7500EB1228 /* Info.plist */,
			);
			path = GreenBeansSBUITests;
			sourceTree = "<group>";
		};
/* End PBXGroup section */

/* Begin PBXNativeTarget section */
		BB61A6FE25EDFB7100EB1228 /* GreenBeansSB */ = {
			isa = PBXNativeTarget;
			buildConfigurationList = BB61A72925EDFB7500EB1228 /* Build configuration list for PBXNativeTarget "GreenBeansSB" */;
			buildPhases = (
				BB61A6FB25EDFB7100EB1228 /* Sources */,
				BB61A6FC25EDFB7100EB1228 /* Frameworks */,
				BB61A6FD25EDFB7100EB1228 /* Resources */,
			);
			buildRules = (
			);
			dependencies = (
			);
			name = GreenBeansSB;
			productName = GreenBeansSB;
			productReference = BB61A6FF25EDFB7100EB1228 /* GreenBeansSB.app */;
			productType = "com.apple.product-type.application";
		};
		BB61A71425EDFB7500EB1228 /* GreenBeansSBTests */ = {
			isa = PBXNativeTarget;
			buildConfigurationList = BB61A72C25EDFB7500EB1228 /* Build configuration list for PBXNativeTarget "GreenBeansSBTests" */;
			buildPhases = (
				BB61A71125EDFB7500EB1228 /* Sources */,
				BB61A71225EDFB7500EB1228 /* Frameworks */,
				BB61A71325EDFB7500EB1228 /* Resources */,
			);
			buildRules = (
			);
			dependencies = (
				BB61A71725EDFB7500EB1228 /* PBXTargetDependency */,
			);
			name = GreenBeansSBTests;
			productName = GreenBeansSBTests;
			productReference = BB61A71525EDFB7500EB1228 /* GreenBeansSBTests.xctest */;
			productType = "com.apple.product-type.bundle.unit-test";
		};
		BB61A71F25EDFB7500EB1228 /* GreenBeansSBUITests */ = {
			isa = PBXNativeTarget;
			buildConfigurationList = BB61A72F25EDFB7500EB1228 /* Build configuration list for PBXNativeTarget "GreenBeansSBUITests" */;
			buildPhases = (
				BB61A71C25EDFB7500EB1228 /* Sources */,
				BB61A71D25EDFB7500EB1228 /* Frameworks */,
				BB61A71E25EDFB7500EB1228 /* Resources */,
			);
			buildRules = (
			);
			dependencies = (
				BB61A72225EDFB7500EB1228 /* PBXTargetDependency */,
			);
			name = GreenBeansSBUITests;
			productName = GreenBeansSBUITests;
			productReference = BB61A72025EDFB7500EB1228 /* GreenBeansSBUITests.xctest */;
			productType = "com.apple.product-type.bundle.ui-testing";
		};
/* End PBXNativeTarget section */

/* Begin PBXProject section */
		BB61A6F725EDFB7000EB1228 /* Project object */ = {
			isa = PBXProject;
			attributes = {
				LastSwiftUpdateCheck = 1240;
				LastUpgradeCheck = 1240;
				TargetAttributes = {
					BB61A6FE25EDFB7100EB1228 = {
						CreatedOnToolsVersion = 12.4;
					};
					BB61A71425EDFB7500EB1228 = {
						CreatedOnToolsVersion = 12.4;
						TestTargetID = BB61A6FE25EDFB7100EB1228;
					};
					BB61A71F25EDFB7500EB1228 = {
						CreatedOnToolsVersion = 12.4;
						TestTargetID = BB61A6FE25EDFB7100EB1228;
					};
				};
			};
			buildConfigurationList = BB61A6FA25EDFB7000EB1228 /* Build configuration list for PBXProject "GreenBeansSB" */;
			compatibilityVersion = "Xcode 9.3";
			developmentRegion = en;
			hasScannedForEncodings = 0;
			knownRegions = (
				en,
				Base,
			);
			mainGroup = BB61A6F625EDFB7000EB1228;
			productRefGroup = BB61A70025EDFB7100EB1228 /* Products */;
			projectDirPath = "";
			projectRoot = "";
			targets = (
				BB61A6FE25EDFB7100EB1228 /* GreenBeansSB */,
				BB61A71425EDFB7500EB1228 /* GreenBeansSBTests */,
				BB61A71F25EDFB7500EB1228 /* GreenBeansSBUITests */,
			);
		};
/* End PBXProject section */

/* Begin PBXResourcesBuildPhase section */
		BB61A6FD25EDFB7100EB1228 /* Resources */ = {
			isa = PBXResourcesBuildPhase;
			buildActionMask = 2147483647;
			files = (
				BB61A70F25EDFB7400EB1228 /* LaunchScreen.storyboard in Resources */,
				BB61A70C25EDFB7400EB1228 /* Assets.xcassets in Resources */,
				BB61A70A25EDFB7100EB1228 /* Main.storyboard in Resources */,
			);
			runOnlyForDeploymentPostprocessing = 0;
		};
		BB61A71325EDFB7500EB1228 /* Resources */ = {
			isa = PBXResourcesBuildPhase;
			buildActionMask = 2147483647;
			files = (
			);
			runOnlyForDeploymentPostprocessing = 0;
		};
		BB61A71E25EDFB7500EB1228 /* Resources */ = {
			isa = PBXResourcesBuildPhase;
			buildActionMask = 2147483647;
			files = (
			);
			runOnlyForDeploymentPostprocessing = 0;
		};
/* End PBXResourcesBuildPhase section */

/* Begin PBXSourcesBuildPhase section */
		BB61A6FB25EDFB7100EB1228 /* Sources */ = {
			isa = PBXSourcesBuildPhase;
			buildActionMask = 2147483647;
			files = (
				BB61A70725EDFB7100EB1228 /* ViewController.swift in Sources */,
				BB61A70325EDFB7100EB1228 /* AppDelegate.swift in Sources */,
				BB61A70525EDFB7100EB1228 /* SceneDelegate.swift in Sources */,
			);
			runOnlyForDeploymentPostprocessing = 0;
		};
		BB61A71125EDFB7500EB1228 /* Sources */ = {
			isa = PBXSourcesBuildPhase;
			buildActionMask = 2147483647;
			files = (
				BB61A71A25EDFB7500EB1228 /* GreenBeansSBTests.swift in Sources */,
			);
			runOnlyForDeploymentPostprocessing = 0;
		};
		BB61A71C25EDFB7500EB1228 /* Sources */ = {
			isa = PBXSourcesBuildPhase;
			buildActionMask = 2147483647;
			files = (
				BB61A72525EDFB7500EB1228 /* GreenBeansSBUITests.swift in Sources */,
			);
			runOnlyForDeploymentPostprocessing = 0;
		};
/* End PBXSourcesBuildPhase section */

/* Begin PBXTargetDependency section */
		BB61A71725EDFB7500EB1228 /* PBXTargetDependency */ = {
			isa = PBXTargetDependency;
			target = BB61A6FE25EDFB7100EB1228 /* GreenBeansSB */;
			targetProxy = BB61A71625EDFB7500EB1228 /* PBXContainerItemProxy */;
		};
		BB61A72225EDFB7500EB1228 /* PBXTargetDependency */ = {
			isa = PBXTargetDependency;
			target = BB61A6FE25EDFB7100EB1228 /* GreenBeansSB */;
			targetProxy = BB61A72125EDFB7500EB1228 /* PBXContainerItemProxy */;
		};
/* End PBXTargetDependency section */

/* Begin PBXVariantGroup section */
		BB61A70825EDFB7100EB1228 /* Main.storyboard */ = {
			isa = PBXVariantGroup;
			children = (
				BB61A70925EDFB7100EB1228 /* Base */,
			);
			name = Main.storyboard;
			sourceTree = "<group>";
		};
		BB61A70D25EDFB7400EB1228 /* LaunchScreen.storyboard */ = {
			isa = PBXVariantGroup;
			children = (
				BB61A70E25EDFB7400EB1228 /* Base */,
			);
			name = LaunchScreen.storyboard;
			sourceTree = "<group>";
		};
/* End PBXVariantGroup section */

/* Begin XCBuildConfiguration section */
		BB61A72725EDFB7500EB1228 /* Debug */ = {
			isa = XCBuildConfiguration;
			buildSettings = {
				ALWAYS_SEARCH_USER_PATHS = NO;
				CLANG_ANALYZER_NONNULL = YES;
				CLANG_ANALYZER_NUMBER_OBJECT_CONVERSION = YES_AGGRESSIVE;
				CLANG_CXX_LANGUAGE_STANDARD = "gnu++14";
				CLANG_CXX_LIBRARY = "libc++";
				CLANG_ENABLE_MODULES = YES;
				CLANG_ENABLE_OBJC_ARC = YES;
				CLANG_ENABLE_OBJC_WEAK = YES;
				CLANG_WARN_BLOCK_CAPTURE_AUTORELEASING = YES;
				CLANG_WARN_BOOL_CONVERSION = YES;
				CLANG_WARN_COMMA = YES;
				CLANG_WARN_CONSTANT_CONVERSION = YES;
				CLANG_WARN_DEPRECATED_OBJC_IMPLEMENTATIONS = YES;
				CLANG_WARN_DIRECT_OBJC_ISA_USAGE = YES_ERROR;
				CLANG_WARN_DOCUMENTATION_COMMENTS = YES;
				CLANG_WARN_EMPTY_BODY = YES;
				CLANG_WARN_ENUM_CONVERSION = YES;
				CLANG_WARN_INFINITE_RECURSION = YES;
				CLANG_WARN_INT_CONVERSION = YES;
				CLANG_WARN_NON_LITERAL_NULL_CONVERSION = YES;
				CLANG_WARN_OBJC_IMPLICIT_RETAIN_SELF = YES;
				CLANG_WARN_OBJC_LITERAL_CONVERSION = YES;
				CLANG_WARN_OBJC_ROOT_CLASS = YES_ERROR;
				CLANG_WARN_QUOTED_INCLUDE_IN_FRAMEWORK_HEADER = YES;
				CLANG_WARN_RANGE_LOOP_ANALYSIS = YES;
				CLANG_WARN_STRICT_PROTOTYPES = YES;
				CLANG_WARN_SUSPICIOUS_MOVE = YES;
				CLANG_WARN_UNGUARDED_AVAILABILITY = YES_AGGRESSIVE;
				CLANG_WARN_UNREACHABLE_CODE = YES;
				CLANG_WARN__DUPLICATE_METHOD_MATCH = YES;
				COPY_PHASE_STRIP = NO;
				DEBUG_INFORMATION_FORMAT = dwarf;
				ENABLE_STRICT_OBJC_MSGSEND = YES;
				ENABLE_TESTABILITY = YES;
				GCC_C_LANGUAGE_STANDARD = gnu11;
				GCC_DYNAMIC_NO_PIC = NO;
				GCC_NO_COMMON_BLOCKS = YES;
				GCC_OPTIMIZATION_LEVEL = 0;
				GCC_PREPROCESSOR_DEFINITIONS = (
					"DEBUG=1",
					"$(inherited)",
				);
				GCC_WARN_64_TO_32_BIT_CONVERSION = YES;
				GCC_WARN_ABOUT_RETURN_TYPE = YES_ERROR;
				GCC_WARN_UNDECLARED_SELECTOR = YES;
				GCC_WARN_UNINITIALIZED_AUTOS = YES_AGGRESSIVE;
				GCC_WARN_UNUSED_FUNCTION = YES;
				GCC_WARN_UNUSED_VARIABLE = YES;
				IPHONEOS_DEPLOYMENT_TARGET = 14.4;
				MTL_ENABLE_DEBUG_INFO = INCLUDE_SOURCE;
				MTL_FAST_MATH = YES;
				ONLY_ACTIVE_ARCH = YES;
				SDKROOT = iphoneos;
				SWIFT_ACTIVE_COMPILATION_CONDITIONS = DEBUG;
				SWIFT_OPTIMIZATION_LEVEL = "-Onone";
			};
			name = Debug;
		};
		BB61A72825EDFB7500EB1228 /* Release */ = {
			isa = XCBuildConfiguration;
			buildSettings = {
				ALWAYS_SEARCH_USER_PATHS = NO;
				CLANG_ANALYZER_NONNULL = YES;
				CLANG_ANALYZER_NUMBER_OBJECT_CONVERSION = YES_AGGRESSIVE;
				CLANG_CXX_LANGUAGE_STANDARD = "gnu++14";
				CLANG_CXX_LIBRARY = "libc++";
				CLANG_ENABLE_MODULES = YES;
				CLANG_ENABLE_OBJC_ARC = YES;
				CLANG_ENABLE_OBJC_WEAK = YES;
				CLANG_WARN_BLOCK_CAPTURE_AUTORELEASING = YES;
				CLANG_WARN_BOOL_CONVERSION = YES;
				CLANG_WARN_COMMA = YES;
				CLANG_WARN_CONSTANT_CONVERSION = YES;
				CLANG_WARN_DEPRECATED_OBJC_IMPLEMENTATIONS = YES;
				CLANG_WARN_DIRECT_OBJC_ISA_USAGE = YES_ERROR;
				CLANG_WARN_DOCUMENTATION_COMMENTS = YES;
				CLANG_WARN_EMPTY_BODY = YES;
				CLANG_WARN_ENUM_CONVERSION = YES;
				CLANG_WARN_INFINITE_RECURSION = YES;
				CLANG_WARN_INT_CONVERSION = YES;
				CLANG_WARN_NON_LITERAL_NULL_CONVERSION = YES;
				CLANG_WARN_OBJC_IMPLICIT_RETAIN_SELF = YES;
				CLANG_WARN_OBJC_LITERAL_CONVERSION = YES;
				CLANG_WARN_OBJC_ROOT_CLASS = YES_ERROR;
				CLANG_WARN_QUOTED_INCLUDE_IN_FRAMEWORK_HEADER = YES;
				CLANG_WARN_RANGE_LOOP_ANALYSIS = YES;
				CLANG_WARN_STRICT_PROTOTYPES = YES;
				CLANG_WARN_SUSPICIOUS_MOVE = YES;
				CLANG_WARN_UNGUARDED_AVAILABILITY = YES_AGGRESSIVE;
				CLANG_WARN_UNREACHABLE_CODE = YES;
				CLANG_WARN__DUPLICATE_METHOD_MATCH = YES;
				COPY_PHASE_STRIP = NO;
				DEBUG_INFORMATION_FORMAT = "dwarf-with-dsym";
				ENABLE_NS_ASSERTIONS = NO;
				ENABLE_STRICT_OBJC_MSGSEND = YES;
				GCC_C_LANGUAGE_STANDARD = gnu11;
				GCC_NO_COMMON_BLOCKS = YES;
				GCC_WARN_64_TO_32_BIT_CONVERSION = YES;
				GCC_WARN_ABOUT_RETURN_TYPE = YES_ERROR;
				GCC_WARN_UNDECLARED_SELECTOR = YES;
				GCC_WARN_UNINITIALIZED_AUTOS = YES_AGGRESSIVE;
				GCC_WARN_UNUSED_FUNCTION = YES;
				GCC_WARN_UNUSED_VARIABLE = YES;
				IPHONEOS_DEPLOYMENT_TARGET = 14.4;
				MTL_ENABLE_DEBUG_INFO = NO;
				MTL_FAST_MATH = YES;
				SDKROOT = iphoneos;
				SWIFT_COMPILATION_MODE = wholemodule;
				SWIFT_OPTIMIZATION_LEVEL = "-O";
				VALIDATE_PRODUCT = YES;
			};
			name = Release;
		};
		BB61A72A25EDFB7500EB1228 /* Debug */ = {
			isa = XCBuildConfiguration;
			buildSettings = {
				ASSETCATALOG_COMPILER_APPICON_NAME = AppIcon;
				ASSETCATALOG_COMPILER_GLOBAL_ACCENT_COLOR_NAME = AccentColor;
				CODE_SIGN_STYLE = Automatic;
				DEVELOPMENT_TEAM = Z2A427979Q;
				INFOPLIST_FILE = GreenBeansSB/Info.plist;
				LD_RUNPATH_SEARCH_PATHS = (
					"$(inherited)",
					"@executable_path/Frameworks",
				);
				PRODUCT_BUNDLE_IDENTIFIER = com.blake.GreenBeansSB;
				PRODUCT_NAME = "$(TARGET_NAME)";
				SWIFT_VERSION = 5.0;
				TARGETED_DEVICE_FAMILY = "1,2";
			};
			name = Debug;
		};
		BB61A72B25EDFB7500EB1228 /* Release */ = {
			isa = XCBuildConfiguration;
			buildSettings = {
				ASSETCATALOG_COMPILER_APPICON_NAME = AppIcon;
				ASSETCATALOG_COMPILER_GLOBAL_ACCENT_COLOR_NAME = AccentColor;
				CODE_SIGN_STYLE = Automatic;
				DEVELOPMENT_TEAM = Z2A427979Q;
				INFOPLIST_FILE = GreenBeansSB/Info.plist;
				LD_RUNPATH_SEARCH_PATHS = (
					"$(inherited)",
					"@executable_path/Frameworks",
				);
				PRODUCT_BUNDLE_IDENTIFIER = com.blake.GreenBeansSB;
				PRODUCT_NAME = "$(TARGET_NAME)";
				SWIFT_VERSION = 5.0;
				TARGETED_DEVICE_FAMILY = "1,2";
			};
			name = Release;
		};
		BB61A72D25EDFB7500EB1228 /* Debug */ = {
			isa = XCBuildConfiguration;
			buildSettings = {
				ALWAYS_EMBED_SWIFT_STANDARD_LIBRARIES = YES;
				BUNDLE_LOADER = "$(TEST_HOST)";
				CODE_SIGN_STYLE = Automatic;
				DEVELOPMENT_TEAM = Z2A427979Q;
				INFOPLIST_FILE = GreenBeansSBTests/Info.plist;
				IPHONEOS_DEPLOYMENT_TARGET = 14.4;
				LD_RUNPATH_SEARCH_PATHS = (
					"$(inherited)",
					"@executable_path/Frameworks",
					"@loader_path/Frameworks",
				);
				PRODUCT_BUNDLE_IDENTIFIER = com.blake.GreenBeansSBTests;
				PRODUCT_NAME = "$(TARGET_NAME)";
				SWIFT_VERSION = 5.0;
				TARGETED_DEVICE_FAMILY = "1,2";
				TEST_HOST = "$(BUILT_PRODUCTS_DIR)/GreenBeansSB.app/GreenBeansSB";
			};
			name = Debug;
		};
		BB61A72E25EDFB7500EB1228 /* Release */ = {
			isa = XCBuildConfiguration;
			buildSettings = {
				ALWAYS_EMBED_SWIFT_STANDARD_LIBRARIES = YES;
				BUNDLE_LOADER = "$(TEST_HOST)";
				CODE_SIGN_STYLE = Automatic;
				DEVELOPMENT_TEAM = Z2A427979Q;
				INFOPLIST_FILE = GreenBeansSBTests/Info.plist;
				IPHONEOS_DEPLOYMENT_TARGET = 14.4;
				LD_RUNPATH_SEARCH_PATHS = (
					"$(inherited)",
					"@executable_path/Frameworks",
					"@loader_path/Frameworks",
				);
				PRODUCT_BUNDLE_IDENTIFIER = com.blake.GreenBeansSBTests;
				PRODUCT_NAME = "$(TARGET_NAME)";
				SWIFT_VERSION = 5.0;
				TARGETED_DEVICE_FAMILY = "1,2";
				TEST_HOST = "$(BUILT_PRODUCTS_DIR)/GreenBeansSB.app/GreenBeansSB";
			};
			name = Release;
		};
		BB61A73025EDFB7500EB1228 /* Debug */ = {
			isa = XCBuildConfiguration;
			buildSettings = {
				ALWAYS_EMBED_SWIFT_STANDARD_LIBRARIES = YES;
				CODE_SIGN_STYLE = Automatic;
				DEVELOPMENT_TEAM = Z2A427979Q;
				INFOPLIST_FILE = GreenBeansSBUITests/Info.plist;
				LD_RUNPATH_SEARCH_PATHS = (
					"$(inherited)",
					"@executable_path/Frameworks",
					"@loader_path/Frameworks",
				);
				PRODUCT_BUNDLE_IDENTIFIER = com.blake.GreenBeansSBUITests;
				PRODUCT_NAME = "$(TARGET_NAME)";
				SWIFT_VERSION = 5.0;
				TARGETED_DEVICE_FAMILY = "1,2";
				TEST_TARGET_NAME = GreenBeansSB;
			};
			name = Debug;
		};
		BB61A73125EDFB7500EB1228 /* Release */ = {
			isa = XCBuildConfiguration;
			buildSettings = {
				ALWAYS_EMBED_SWIFT_STANDARD_LIBRARIES = YES;
				CODE_SIGN_STYLE = Automatic;
				DEVELOPMENT_TEAM = Z2A427979Q;
				INFOPLIST_FILE = GreenBeansSBUITests/Info.plist;
				LD_RUNPATH_SEARCH_PATHS = (
					"$(inherited)",
					"@executable_path/Frameworks",
					"@loader_path/Frameworks",
				);
				PRODUCT_BUNDLE_IDENTIFIER = com.blake.GreenBeansSBUITests;
				PRODUCT_NAME = "$(TARGET_NAME)";
				SWIFT_VERSION = 5.0;
				TARGETED_DEVICE_FAMILY = "1,2";
				TEST_TARGET_NAME = GreenBeansSB;
			};
			name = Release;
		};
/* End XCBuildConfiguration section */

/* Begin XCConfigurationList section */
		BB61A6FA25EDFB7000EB1228 /* Build configuration list for PBXProject "GreenBeansSB" */ = {
			isa = XCConfigurationList;
			buildConfigurations = (
				BB61A72725EDFB7500EB1228 /* Debug */,
				BB61A72825EDFB7500EB1228 /* Release */,
			);
			defaultConfigurationIsVisible = 0;
			defaultConfigurationName = Release;
		};
		BB61A72925EDFB7500EB1228 /* Build configuration list for PBXNativeTarget "GreenBeansSB" */ = {
			isa = XCConfigurationList;
			buildConfigurations = (
				BB61A72A25EDFB7500EB1228 /* Debug */,
				BB61A72B25EDFB7500EB1228 /* Release */,
			);
			defaultConfigurationIsVisible = 0;
			defaultConfigurationName = Release;
		};
		BB61A72C25EDFB7500EB1228 /* Build configuration list for PBXNativeTarget "GreenBeansSBTests" */ = {
			isa = XCConfigurationList;
			buildConfigurations = (
				BB61A72D25EDFB7500EB1228 /* Debug */,
				BB61A72E25EDFB7500EB1228 /* Release */,
			);
			defaultConfigurationIsVisible = 0;
			defaultConfigurationName = Release;
		};
		BB61A72F25EDFB7500EB1228 /* Build configuration list for PBXNativeTarget "GreenBeansSBUITests" */ = {
			isa = XCConfigurationList;
			buildConfigurations = (
				BB61A73025EDFB7500EB1228 /* Debug */,
				BB61A73125EDFB7500EB1228 /* Release */,
			);
			defaultConfigurationIsVisible = 0;
			defaultConfigurationName = Release;
		};
/* End XCConfigurationList section */
	};
	rootObject = BB61A6F725EDFB7000EB1228 /* Project object */;
}
