// !$*UTF8*$!
{
	archiveVersion = 1;
	classes = {
	};
	objectVersion = 52;
	objects = {

/* Begin PBXBuildFile section */
		0D7132EC57EA136C45D15B00 /* Pods_GreenBeansSBTests.framework in Frameworks */ = {isa = PBXBuildFile; fileRef = 08FB0C66E156FC29B557F8EE /* Pods_GreenBeansSBTests.framework */; };
		2C78A47E48B36CB1BF184454 /* Pods_GreenBeansSB_GreenBeansSBUITests.framework in Frameworks */ = {isa = PBXBuildFile; fileRef = 3039C464876F8630E73317F7 /* Pods_GreenBeansSB_GreenBeansSBUITests.framework */; };
		BB0BC54B263F9F020079544B /* AddDeleteProducts.swift in Sources */ = {isa = PBXBuildFile; fileRef = BB0BC54A263F9F020079544B /* AddDeleteProducts.swift */; };
		BB0BC55D2640DAFC0079544B /* EditProduct.swift in Sources */ = {isa = PBXBuildFile; fileRef = BB0BC55C2640DAFC0079544B /* EditProduct.swift */; };
		BB0BC5622640DEFB0079544B /* NewAdmin.swift in Sources */ = {isa = PBXBuildFile; fileRef = BB0BC5612640DEFB0079544B /* NewAdmin.swift */; };
		BB0BC5672640F04A0079544B /* imagePlaceholder.png in Resources */ = {isa = PBXBuildFile; fileRef = BB0BC5662640F04A0079544B /* imagePlaceholder.png */; };
		BB0BC56C26411E8B0079544B /* AddProduct.swift in Sources */ = {isa = PBXBuildFile; fileRef = BB0BC56B26411E8B0079544B /* AddProduct.swift */; };
		BB1A14A625F9F0C0008F94C9 /* OrderTypeViewController.swift in Sources */ = {isa = PBXBuildFile; fileRef = BB1A14A525F9F0C0008F94C9 /* OrderTypeViewController.swift */; };
		BB1A14AB25FAE4A0008F94C9 /* Address.swift in Sources */ = {isa = PBXBuildFile; fileRef = BB1A14AA25FAE4A0008F94C9 /* Address.swift */; };
		BB1A14B825FB47E0008F94C9 /* NewAddressViewController.swift in Sources */ = {isa = PBXBuildFile; fileRef = BB1A14B725FB47E0008F94C9 /* NewAddressViewController.swift */; };
		BB1A14BD25FB6262008F94C9 /* OrderSummaryViewController.swift in Sources */ = {isa = PBXBuildFile; fileRef = BB1A14BC25FB6262008F94C9 /* OrderSummaryViewController.swift */; };
		BB256A6B2651ED6D00A848CF /* CustomerOrderCell.swift in Sources */ = {isa = PBXBuildFile; fileRef = BB256A6A2651ED6D00A848CF /* CustomerOrderCell.swift */; };
		BB256A702651ED9F00A848CF /* CustomerOrderCellDataSource.swift in Sources */ = {isa = PBXBuildFile; fileRef = BB256A6F2651ED9F00A848CF /* CustomerOrderCellDataSource.swift */; };
		BB4D4D8C262548BA00581F83 /* Designables.swift in Sources */ = {isa = PBXBuildFile; fileRef = BB4D4D8B262548BA00581F83 /* Designables.swift */; };
		BB4D4D9226254E4E00581F83 /* Futura.ttc in Resources */ = {isa = PBXBuildFile; fileRef = BB4D4D9126254E4400581F83 /* Futura.ttc */; };
		BB4D4D972625503000581F83 /* Pipetton DEMO.ttf in Resources */ = {isa = PBXBuildFile; fileRef = BB4D4D962625502C00581F83 /* Pipetton DEMO.ttf */; };
		BB536682264E36F80011FD66 /* CustomerOrders.swift in Sources */ = {isa = PBXBuildFile; fileRef = BB536681264E36F80011FD66 /* CustomerOrders.swift */; };
		BB536693264E3DCB0011FD66 /* OrderDetails.swift in Sources */ = {isa = PBXBuildFile; fileRef = BB536692264E3DCB0011FD66 /* OrderDetails.swift */; };
		BB61A70325EDFB7100EB1228 /* AppDelegate.swift in Sources */ = {isa = PBXBuildFile; fileRef = BB61A70225EDFB7100EB1228 /* AppDelegate.swift */; };
		BB61A70525EDFB7100EB1228 /* SceneDelegate.swift in Sources */ = {isa = PBXBuildFile; fileRef = BB61A70425EDFB7100EB1228 /* SceneDelegate.swift */; };
		BB61A70A25EDFB7100EB1228 /* Main.storyboard in Resources */ = {isa = PBXBuildFile; fileRef = BB61A70825EDFB7100EB1228 /* Main.storyboard */; };
		BB61A70C25EDFB7400EB1228 /* Assets.xcassets in Resources */ = {isa = PBXBuildFile; fileRef = BB61A70B25EDFB7400EB1228 /* Assets.xcassets */; };
		BB61A70F25EDFB7400EB1228 /* LaunchScreen.storyboard in Resources */ = {isa = PBXBuildFile; fileRef = BB61A70D25EDFB7400EB1228 /* LaunchScreen.storyboard */; };
		BB61A71A25EDFB7500EB1228 /* GreenBeansSBTests.swift in Sources */ = {isa = PBXBuildFile; fileRef = BB61A71925EDFB7500EB1228 /* GreenBeansSBTests.swift */; };
		BB61A72525EDFB7500EB1228 /* GreenBeansSBUITests.swift in Sources */ = {isa = PBXBuildFile; fileRef = BB61A72425EDFB7500EB1228 /* GreenBeansSBUITests.swift */; };
		BB61A74125EDFD1400EB1228 /* User.swift in Sources */ = {isa = PBXBuildFile; fileRef = BB61A74025EDFD1400EB1228 /* User.swift */; };
		BB61A74925EDFD2300EB1228 /* Order.swift in Sources */ = {isa = PBXBuildFile; fileRef = BB61A74825EDFD2300EB1228 /* Order.swift */; };
		BB61A75625EDFDA800EB1228 /* LoginViewController.swift in Sources */ = {isa = PBXBuildFile; fileRef = BB61A75525EDFDA800EB1228 /* LoginViewController.swift */; };
		BB61A75B25EDFDBC00EB1228 /* RegisterViewController.swift in Sources */ = {isa = PBXBuildFile; fileRef = BB61A75A25EDFDBC00EB1228 /* RegisterViewController.swift */; };
		BB61A79525EE072800EB1228 /* Helper.swift in Sources */ = {isa = PBXBuildFile; fileRef = BB61A79425EE072800EB1228 /* Helper.swift */; };
		BB61A7A525EE10A900EB1228 /* GoogleService-Info.plist in Resources */ = {isa = PBXBuildFile; fileRef = BB61A7A425EE10A900EB1228 /* GoogleService-Info.plist */; };
		BB61A7B825EE150200EB1228 /* Product.swift in Sources */ = {isa = PBXBuildFile; fileRef = BB61A7B725EE150200EB1228 /* Product.swift */; };
		BB61A7C025EE161300EB1228 /* AuthViewModel.swift in Sources */ = {isa = PBXBuildFile; fileRef = BB61A7BF25EE161300EB1228 /* AuthViewModel.swift */; };
		BB61A7C825EE1C7600EB1228 /* VirtualStoreViewController.swift in Sources */ = {isa = PBXBuildFile; fileRef = BB61A7C725EE1C7600EB1228 /* VirtualStoreViewController.swift */; };
		BB61A7D825EE252D00EB1228 /* CustomView.swift in Sources */ = {isa = PBXBuildFile; fileRef = BB61A7D725EE252D00EB1228 /* CustomView.swift */; };
		BB61A7F325EF3F5600EB1228 /* SideMenuViewController.swift in Sources */ = {isa = PBXBuildFile; fileRef = BB61A7F225EF3F5600EB1228 /* SideMenuViewController.swift */; };
		BB61A7F825EF48D900EB1228 /* CartViewController.swift in Sources */ = {isa = PBXBuildFile; fileRef = BB61A7F725EF48D900EB1228 /* CartViewController.swift */; };
		BB61A7FD25EF48ED00EB1228 /* OrderHistoryViewController.swift in Sources */ = {isa = PBXBuildFile; fileRef = BB61A7FC25EF48ED00EB1228 /* OrderHistoryViewController.swift */; };
		BB61A80625EF490D00EB1228 /* SettingsViewController.swift in Sources */ = {isa = PBXBuildFile; fileRef = BB61A80525EF490D00EB1228 /* SettingsViewController.swift */; };
		BB61A81525EF6F1F00EB1228 /* VirtualStoreViewModel.swift in Sources */ = {isa = PBXBuildFile; fileRef = BB61A81425EF6F1F00EB1228 /* VirtualStoreViewModel.swift */; };
		BB61A81D25EF79A500EB1228 /* ProductCell.swift in Sources */ = {isa = PBXBuildFile; fileRef = BB61A81C25EF79A500EB1228 /* ProductCell.swift */; };
		BB61A82225EF7FB800EB1228 /* ProductListDataSource.swift in Sources */ = {isa = PBXBuildFile; fileRef = BB61A82125EF7FB800EB1228 /* ProductListDataSource.swift */; };
		BB61A82725EF953200EB1228 /* Constants.swift in Sources */ = {isa = PBXBuildFile; fileRef = BB61A82625EF953200EB1228 /* Constants.swift */; };
		BB61A82C25EF9EC700EB1228 /* TestViewController.swift in Sources */ = {isa = PBXBuildFile; fileRef = BB61A82B25EF9EC700EB1228 /* TestViewController.swift */; };
		BB61A83425F0E7EC00EB1228 /* CollectionReference.swift in Sources */ = {isa = PBXBuildFile; fileRef = BB61A83325F0E7EC00EB1228 /* CollectionReference.swift */; };
		BB61A83925F1EEC600EB1228 /* ProductDetailViewController.swift in Sources */ = {isa = PBXBuildFile; fileRef = BB61A83825F1EEC600EB1228 /* ProductDetailViewController.swift */; };
		BB61A84E25F49CE600EB1228 /* CartCell.swift in Sources */ = {isa = PBXBuildFile; fileRef = BB61A84D25F49CE600EB1228 /* CartCell.swift */; };
		BB61A85325F4A18500EB1228 /* CartCellDataSource.swift in Sources */ = {isa = PBXBuildFile; fileRef = BB61A85225F4A18500EB1228 /* CartCellDataSource.swift */; };
		BB61A85F25F4A41A00EB1228 /* CartViewModel.swift in Sources */ = {isa = PBXBuildFile; fileRef = BB61A85E25F4A41A00EB1228 /* CartViewModel.swift */; };
		BB61A87525F60D1700EB1228 /* UserAddressViewController.swift in Sources */ = {isa = PBXBuildFile; fileRef = BB61A87425F60D1700EB1228 /* UserAddressViewController.swift */; };
		BB61A87A25F6149F00EB1228 /* AddressCell.swift in Sources */ = {isa = PBXBuildFile; fileRef = BB61A87925F6149F00EB1228 /* AddressCell.swift */; };
		BB61A88925F6158E00EB1228 /* AddressViewModel.swift in Sources */ = {isa = PBXBuildFile; fileRef = BB61A88825F6158E00EB1228 /* AddressViewModel.swift */; };
		BB61A89125F6198900EB1228 /* AddressCellDataSource.swift in Sources */ = {isa = PBXBuildFile; fileRef = BB61A89025F6198900EB1228 /* AddressCellDataSource.swift */; };
		BB8601112601CEFB0093EE16 /* PickupViewController.swift in Sources */ = {isa = PBXBuildFile; fileRef = BB8601102601CEFB0093EE16 /* PickupViewController.swift */; };
		BB86011E260201320093EE16 /* TimeViewController.swift in Sources */ = {isa = PBXBuildFile; fileRef = BB86011D260201320093EE16 /* TimeViewController.swift */; };
		BB860123260424160093EE16 /* GuestContactViewController.swift in Sources */ = {isa = PBXBuildFile; fileRef = BB860122260424160093EE16 /* GuestContactViewController.swift */; };
		BB86013D260974140093EE16 /* OrderHistoryViewModel.swift in Sources */ = {isa = PBXBuildFile; fileRef = BB86013C260974140093EE16 /* OrderHistoryViewModel.swift */; };
		BB860146260C32AE0093EE16 /* HistoryCellDataSource.swift in Sources */ = {isa = PBXBuildFile; fileRef = BB860145260C32AE0093EE16 /* HistoryCellDataSource.swift */; };
		BB86014B260C32C40093EE16 /* HistoryCell.swift in Sources */ = {isa = PBXBuildFile; fileRef = BB86014A260C32C40093EE16 /* HistoryCell.swift */; };
		BB978F19263B42670021FBD7 /* greenbeansinclogo_default.png in Resources */ = {isa = PBXBuildFile; fileRef = BB978F18263B42670021FBD7 /* greenbeansinclogo_default.png */; };
		BB978F54263B7CE60021FBD7 /* CustomTextField.swift in Sources */ = {isa = PBXBuildFile; fileRef = BB978F53263B7CE60021FBD7 /* CustomTextField.swift */; };
		BB9F3DB4261C2561003C93FA /* GuestAutoAddr.swift in Sources */ = {isa = PBXBuildFile; fileRef = BB9F3DB3261C2561003C93FA /* GuestAutoAddr.swift */; };
		BB9F3DBA261C2780003C93FA /* SearchResults.swift in Sources */ = {isa = PBXBuildFile; fileRef = BB9F3DB9261C2780003C93FA /* SearchResults.swift */; };
		BB9F3DBF261C27D0003C93FA /* AddressSearchBar.swift in Sources */ = {isa = PBXBuildFile; fileRef = BB9F3DBE261C27D0003C93FA /* AddressSearchBar.swift */; };
		BBBF3C4726412C81000E97F9 /* FirebaseStorageSwift-Beta in Frameworks */ = {isa = PBXBuildFile; productRef = BBBF3C4626412C81000E97F9 /* FirebaseStorageSwift-Beta */; };
		BBBF3C4926412C81000E97F9 /* FirebaseFirestoreSwift-Beta in Frameworks */ = {isa = PBXBuildFile; productRef = BBBF3C4826412C81000E97F9 /* FirebaseFirestoreSwift-Beta */; };
		BBBF3C4B26412C81000E97F9 /* FirebaseStorage in Frameworks */ = {isa = PBXBuildFile; productRef = BBBF3C4A26412C81000E97F9 /* FirebaseStorage */; };
		BBBF3C4D26412C81000E97F9 /* FirebaseAuth in Frameworks */ = {isa = PBXBuildFile; productRef = BBBF3C4C26412C81000E97F9 /* FirebaseAuth */; };
		BBBF3C4F26412C81000E97F9 /* FirebaseFirestore in Frameworks */ = {isa = PBXBuildFile; productRef = BBBF3C4E26412C81000E97F9 /* FirebaseFirestore */; };
		BBBF3C5126412C81000E97F9 /* FirebaseDatabase in Frameworks */ = {isa = PBXBuildFile; productRef = BBBF3C5026412C81000E97F9 /* FirebaseDatabase */; };
		BBC02E1826424675009AFA5B /* AdminViewModel.swift in Sources */ = {isa = PBXBuildFile; fileRef = BBC02E1726424675009AFA5B /* AdminViewModel.swift */; };
		BBF0509F2648EAB800447E3E /* icons8-checked-checkbox-48.png in Resources */ = {isa = PBXBuildFile; fileRef = BBF0509E2648EAB800447E3E /* icons8-checked-checkbox-48.png */; };
		BBF050A42648EAC200447E3E /* icons8-unchecked-checkbox-48.png in Resources */ = {isa = PBXBuildFile; fileRef = BBF050A32648EAC200447E3E /* icons8-unchecked-checkbox-48.png */; };
		E7BBEAD6FCFC82270EF5A7FA /* Pods_GreenBeansSB.framework in Frameworks */ = {isa = PBXBuildFile; fileRef = 70819FF9B6009D94BE2A5307 /* Pods_GreenBeansSB.framework */; };
/* End PBXBuildFile section */

/* Begin PBXContainerItemProxy section */
		BB61A71625EDFB7500EB1228 /* PBXContainerItemProxy */ = {
			isa = PBXContainerItemProxy;
			containerPortal = BB61A6F725EDFB7000EB1228 /* Project object */;
			proxyType = 1;
			remoteGlobalIDString = BB61A6FE25EDFB7100EB1228;
			remoteInfo = GreenBeansSB;
		};
		BB61A72125EDFB7500EB1228 /* PBXContainerItemProxy */ = {
			isa = PBXContainerItemProxy;
			containerPortal = BB61A6F725EDFB7000EB1228 /* Project object */;
			proxyType = 1;
			remoteGlobalIDString = BB61A6FE25EDFB7100EB1228;
			remoteInfo = GreenBeansSB;
		};
/* End PBXContainerItemProxy section */

/* Begin PBXFileReference section */
		08FB0C66E156FC29B557F8EE /* Pods_GreenBeansSBTests.framework */ = {isa = PBXFileReference; explicitFileType = wrapper.framework; includeInIndex = 0; path = Pods_GreenBeansSBTests.framework; sourceTree = BUILT_PRODUCTS_DIR; };
		3039C464876F8630E73317F7 /* Pods_GreenBeansSB_GreenBeansSBUITests.framework */ = {isa = PBXFileReference; explicitFileType = wrapper.framework; includeInIndex = 0; path = Pods_GreenBeansSB_GreenBeansSBUITests.framework; sourceTree = BUILT_PRODUCTS_DIR; };
		6E1140A3A0AFFA4BB5909D64 /* Pods-GreenBeansSB-GreenBeansSBUITests.release.xcconfig */ = {isa = PBXFileReference; includeInIndex = 1; lastKnownFileType = text.xcconfig; name = "Pods-GreenBeansSB-GreenBeansSBUITests.release.xcconfig"; path = "Target Support Files/Pods-GreenBeansSB-GreenBeansSBUITests/Pods-GreenBeansSB-GreenBeansSBUITests.release.xcconfig"; sourceTree = "<group>"; };
		70819FF9B6009D94BE2A5307 /* Pods_GreenBeansSB.framework */ = {isa = PBXFileReference; explicitFileType = wrapper.framework; includeInIndex = 0; path = Pods_GreenBeansSB.framework; sourceTree = BUILT_PRODUCTS_DIR; };
		85F037401CE501A05F1518F6 /* Pods-GreenBeansSBTests.release.xcconfig */ = {isa = PBXFileReference; includeInIndex = 1; lastKnownFileType = text.xcconfig; name = "Pods-GreenBeansSBTests.release.xcconfig"; path = "Target Support Files/Pods-GreenBeansSBTests/Pods-GreenBeansSBTests.release.xcconfig"; sourceTree = "<group>"; };
		861B18D6AB76440AE1B00B8E /* Pods-GreenBeansSB.release.xcconfig */ = {isa = PBXFileReference; includeInIndex = 1; lastKnownFileType = text.xcconfig; name = "Pods-GreenBeansSB.release.xcconfig"; path = "Target Support Files/Pods-GreenBeansSB/Pods-GreenBeansSB.release.xcconfig"; sourceTree = "<group>"; };
		96C96497DE0E4DF2183138DE /* Pods-GreenBeansSB-GreenBeansSBUITests.debug.xcconfig */ = {isa = PBXFileReference; includeInIndex = 1; lastKnownFileType = text.xcconfig; name = "Pods-GreenBeansSB-GreenBeansSBUITests.debug.xcconfig"; path = "Target Support Files/Pods-GreenBeansSB-GreenBeansSBUITests/Pods-GreenBeansSB-GreenBeansSBUITests.debug.xcconfig"; sourceTree = "<group>"; };
		B10D6C8B9870950086E8FCE0 /* Pods-GreenBeansSBTests.debug.xcconfig */ = {isa = PBXFileReference; includeInIndex = 1; lastKnownFileType = text.xcconfig; name = "Pods-GreenBeansSBTests.debug.xcconfig"; path = "Target Support Files/Pods-GreenBeansSBTests/Pods-GreenBeansSBTests.debug.xcconfig"; sourceTree = "<group>"; };
		B11D6138182CFF514D6B8B78 /* Pods-GreenBeansSB.debug.xcconfig */ = {isa = PBXFileReference; includeInIndex = 1; lastKnownFileType = text.xcconfig; name = "Pods-GreenBeansSB.debug.xcconfig"; path = "Target Support Files/Pods-GreenBeansSB/Pods-GreenBeansSB.debug.xcconfig"; sourceTree = "<group>"; };
		BB0BC54A263F9F020079544B /* AddDeleteProducts.swift */ = {isa = PBXFileReference; lastKnownFileType = sourcecode.swift; path = AddDeleteProducts.swift; sourceTree = "<group>"; };
		BB0BC55C2640DAFC0079544B /* EditProduct.swift */ = {isa = PBXFileReference; lastKnownFileType = sourcecode.swift; path = EditProduct.swift; sourceTree = "<group>"; };
		BB0BC5612640DEFB0079544B /* NewAdmin.swift */ = {isa = PBXFileReference; lastKnownFileType = sourcecode.swift; path = NewAdmin.swift; sourceTree = "<group>"; };
		BB0BC5662640F04A0079544B /* imagePlaceholder.png */ = {isa = PBXFileReference; lastKnownFileType = image.png; path = imagePlaceholder.png; sourceTree = "<group>"; };
		BB0BC56B26411E8B0079544B /* AddProduct.swift */ = {isa = PBXFileReference; lastKnownFileType = sourcecode.swift; path = AddProduct.swift; sourceTree = "<group>"; };
		BB1A14A525F9F0C0008F94C9 /* OrderTypeViewController.swift */ = {isa = PBXFileReference; lastKnownFileType = sourcecode.swift; path = OrderTypeViewController.swift; sourceTree = "<group>"; };
		BB1A14AA25FAE4A0008F94C9 /* Address.swift */ = {isa = PBXFileReference; lastKnownFileType = sourcecode.swift; path = Address.swift; sourceTree = "<group>"; };
		BB1A14B725FB47E0008F94C9 /* NewAddressViewController.swift */ = {isa = PBXFileReference; lastKnownFileType = sourcecode.swift; path = NewAddressViewController.swift; sourceTree = "<group>"; };
		BB1A14BC25FB6262008F94C9 /* OrderSummaryViewController.swift */ = {isa = PBXFileReference; lastKnownFileType = sourcecode.swift; path = OrderSummaryViewController.swift; sourceTree = "<group>"; };
		BB256A6A2651ED6D00A848CF /* CustomerOrderCell.swift */ = {isa = PBXFileReference; lastKnownFileType = sourcecode.swift; path = CustomerOrderCell.swift; sourceTree = "<group>"; };
		BB256A6F2651ED9F00A848CF /* CustomerOrderCellDataSource.swift */ = {isa = PBXFileReference; lastKnownFileType = sourcecode.swift; path = CustomerOrderCellDataSource.swift; sourceTree = "<group>"; };
		BB4D4D8B262548BA00581F83 /* Designables.swift */ = {isa = PBXFileReference; lastKnownFileType = sourcecode.swift; path = Designables.swift; sourceTree = "<group>"; };
		BB4D4D9126254E4400581F83 /* Futura.ttc */ = {isa = PBXFileReference; lastKnownFileType = file; path = Futura.ttc; sourceTree = "<group>"; };
		BB4D4D962625502C00581F83 /* Pipetton DEMO.ttf */ = {isa = PBXFileReference; lastKnownFileType = file; path = "Pipetton DEMO.ttf"; sourceTree = "<group>"; };
		BB536681264E36F80011FD66 /* CustomerOrders.swift */ = {isa = PBXFileReference; lastKnownFileType = sourcecode.swift; path = CustomerOrders.swift; sourceTree = "<group>"; };
		BB536692264E3DCB0011FD66 /* OrderDetails.swift */ = {isa = PBXFileReference; lastKnownFileType = sourcecode.swift; path = OrderDetails.swift; sourceTree = "<group>"; };
		BB61A6FF25EDFB7100EB1228 /* GreenBeansSB.app */ = {isa = PBXFileReference; explicitFileType = wrapper.application; includeInIndex = 0; path = GreenBeansSB.app; sourceTree = BUILT_PRODUCTS_DIR; };
		BB61A70225EDFB7100EB1228 /* AppDelegate.swift */ = {isa = PBXFileReference; lastKnownFileType = sourcecode.swift; path = AppDelegate.swift; sourceTree = "<group>"; };
		BB61A70425EDFB7100EB1228 /* SceneDelegate.swift */ = {isa = PBXFileReference; lastKnownFileType = sourcecode.swift; path = SceneDelegate.swift; sourceTree = "<group>"; };
		BB61A70925EDFB7100EB1228 /* Base */ = {isa = PBXFileReference; lastKnownFileType = file.storyboard; name = Base; path = Base.lproj/Main.storyboard; sourceTree = "<group>"; };
		BB61A70B25EDFB7400EB1228 /* Assets.xcassets */ = {isa = PBXFileReference; lastKnownFileType = folder.assetcatalog; path = Assets.xcassets; sourceTree = "<group>"; };
		BB61A70E25EDFB7400EB1228 /* Base */ = {isa = PBXFileReference; lastKnownFileType = file.storyboard; name = Base; path = Base.lproj/LaunchScreen.storyboard; sourceTree = "<group>"; };
		BB61A71025EDFB7400EB1228 /* Info.plist */ = {isa = PBXFileReference; lastKnownFileType = text.plist.xml; path = Info.plist; sourceTree = "<group>"; };
		BB61A71525EDFB7500EB1228 /* GreenBeansSBTests.xctest */ = {isa = PBXFileReference; explicitFileType = wrapper.cfbundle; includeInIndex = 0; path = GreenBeansSBTests.xctest; sourceTree = BUILT_PRODUCTS_DIR; };
		BB61A71925EDFB7500EB1228 /* GreenBeansSBTests.swift */ = {isa = PBXFileReference; lastKnownFileType = sourcecode.swift; path = GreenBeansSBTests.swift; sourceTree = "<group>"; };
		BB61A71B25EDFB7500EB1228 /* Info.plist */ = {isa = PBXFileReference; lastKnownFileType = text.plist.xml; path = Info.plist; sourceTree = "<group>"; };
		BB61A72025EDFB7500EB1228 /* GreenBeansSBUITests.xctest */ = {isa = PBXFileReference; explicitFileType = wrapper.cfbundle; includeInIndex = 0; path = GreenBeansSBUITests.xctest; sourceTree = BUILT_PRODUCTS_DIR; };
		BB61A72425EDFB7500EB1228 /* GreenBeansSBUITests.swift */ = {isa = PBXFileReference; lastKnownFileType = sourcecode.swift; path = GreenBeansSBUITests.swift; sourceTree = "<group>"; };
		BB61A72625EDFB7500EB1228 /* Info.plist */ = {isa = PBXFileReference; lastKnownFileType = text.plist.xml; path = Info.plist; sourceTree = "<group>"; };
		BB61A74025EDFD1400EB1228 /* User.swift */ = {isa = PBXFileReference; lastKnownFileType = sourcecode.swift; path = User.swift; sourceTree = "<group>"; };
		BB61A74825EDFD2300EB1228 /* Order.swift */ = {isa = PBXFileReference; lastKnownFileType = sourcecode.swift; path = Order.swift; sourceTree = "<group>"; };
		BB61A75525EDFDA800EB1228 /* LoginViewController.swift */ = {isa = PBXFileReference; lastKnownFileType = sourcecode.swift; path = LoginViewController.swift; sourceTree = "<group>"; };
		BB61A75A25EDFDBC00EB1228 /* RegisterViewController.swift */ = {isa = PBXFileReference; lastKnownFileType = sourcecode.swift; path = RegisterViewController.swift; sourceTree = "<group>"; };
		BB61A79425EE072800EB1228 /* Helper.swift */ = {isa = PBXFileReference; lastKnownFileType = sourcecode.swift; path = Helper.swift; sourceTree = "<group>"; };
		BB61A7A425EE10A900EB1228 /* GoogleService-Info.plist */ = {isa = PBXFileReference; fileEncoding = 4; lastKnownFileType = text.plist.xml; path = "GoogleService-Info.plist"; sourceTree = "<group>"; };
		BB61A7B725EE150200EB1228 /* Product.swift */ = {isa = PBXFileReference; lastKnownFileType = sourcecode.swift; path = Product.swift; sourceTree = "<group>"; };
		BB61A7BF25EE161300EB1228 /* AuthViewModel.swift */ = {isa = PBXFileReference; lastKnownFileType = sourcecode.swift; path = AuthViewModel.swift; sourceTree = "<group>"; };
		BB61A7C725EE1C7600EB1228 /* VirtualStoreViewController.swift */ = {isa = PBXFileReference; lastKnownFileType = sourcecode.swift; path = VirtualStoreViewController.swift; sourceTree = "<group>"; };
		BB61A7D725EE252D00EB1228 /* CustomView.swift */ = {isa = PBXFileReference; lastKnownFileType = sourcecode.swift; path = CustomView.swift; sourceTree = "<group>"; };
		BB61A7F225EF3F5600EB1228 /* SideMenuViewController.swift */ = {isa = PBXFileReference; lastKnownFileType = sourcecode.swift; path = SideMenuViewController.swift; sourceTree = "<group>"; };
		BB61A7F725EF48D900EB1228 /* CartViewController.swift */ = {isa = PBXFileReference; lastKnownFileType = sourcecode.swift; path = CartViewController.swift; sourceTree = "<group>"; };
		BB61A7FC25EF48ED00EB1228 /* OrderHistoryViewController.swift */ = {isa = PBXFileReference; lastKnownFileType = sourcecode.swift; path = OrderHistoryViewController.swift; sourceTree = "<group>"; };
		BB61A80525EF490D00EB1228 /* SettingsViewController.swift */ = {isa = PBXFileReference; lastKnownFileType = sourcecode.swift; path = SettingsViewController.swift; sourceTree = "<group>"; };
		BB61A81425EF6F1F00EB1228 /* VirtualStoreViewModel.swift */ = {isa = PBXFileReference; lastKnownFileType = sourcecode.swift; path = VirtualStoreViewModel.swift; sourceTree = "<group>"; };
		BB61A81C25EF79A500EB1228 /* ProductCell.swift */ = {isa = PBXFileReference; lastKnownFileType = sourcecode.swift; path = ProductCell.swift; sourceTree = "<group>"; };
		BB61A82125EF7FB800EB1228 /* ProductListDataSource.swift */ = {isa = PBXFileReference; lastKnownFileType = sourcecode.swift; path = ProductListDataSource.swift; sourceTree = "<group>"; };
		BB61A82625EF953200EB1228 /* Constants.swift */ = {isa = PBXFileReference; lastKnownFileType = sourcecode.swift; path = Constants.swift; sourceTree = "<group>"; };
		BB61A82B25EF9EC700EB1228 /* TestViewController.swift */ = {isa = PBXFileReference; lastKnownFileType = sourcecode.swift; path = TestViewController.swift; sourceTree = "<group>"; };
		BB61A83325F0E7EC00EB1228 /* CollectionReference.swift */ = {isa = PBXFileReference; lastKnownFileType = sourcecode.swift; path = CollectionReference.swift; sourceTree = "<group>"; };
		BB61A83825F1EEC600EB1228 /* ProductDetailViewController.swift */ = {isa = PBXFileReference; lastKnownFileType = sourcecode.swift; path = ProductDetailViewController.swift; sourceTree = "<group>"; };
		BB61A84D25F49CE600EB1228 /* CartCell.swift */ = {isa = PBXFileReference; lastKnownFileType = sourcecode.swift; path = CartCell.swift; sourceTree = "<group>"; };
		BB61A85225F4A18500EB1228 /* CartCellDataSource.swift */ = {isa = PBXFileReference; lastKnownFileType = sourcecode.swift; path = CartCellDataSource.swift; sourceTree = "<group>"; };
		BB61A85E25F4A41A00EB1228 /* CartViewModel.swift */ = {isa = PBXFileReference; lastKnownFileType = sourcecode.swift; path = CartViewModel.swift; sourceTree = "<group>"; };
		BB61A87425F60D1700EB1228 /* UserAddressViewController.swift */ = {isa = PBXFileReference; lastKnownFileType = sourcecode.swift; path = UserAddressViewController.swift; sourceTree = "<group>"; };
		BB61A87925F6149F00EB1228 /* AddressCell.swift */ = {isa = PBXFileReference; lastKnownFileType = sourcecode.swift; path = AddressCell.swift; sourceTree = "<group>"; };
		BB61A88825F6158E00EB1228 /* AddressViewModel.swift */ = {isa = PBXFileReference; lastKnownFileType = sourcecode.swift; path = AddressViewModel.swift; sourceTree = "<group>"; };
		BB61A89025F6198900EB1228 /* AddressCellDataSource.swift */ = {isa = PBXFileReference; lastKnownFileType = sourcecode.swift; path = AddressCellDataSource.swift; sourceTree = "<group>"; };
		BB8601102601CEFB0093EE16 /* PickupViewController.swift */ = {isa = PBXFileReference; lastKnownFileType = sourcecode.swift; path = PickupViewController.swift; sourceTree = "<group>"; };
		BB86011D260201320093EE16 /* TimeViewController.swift */ = {isa = PBXFileReference; lastKnownFileType = sourcecode.swift; path = TimeViewController.swift; sourceTree = "<group>"; };
		BB860122260424160093EE16 /* GuestContactViewController.swift */ = {isa = PBXFileReference; lastKnownFileType = sourcecode.swift; path = GuestContactViewController.swift; sourceTree = "<group>"; };
		BB86013C260974140093EE16 /* OrderHistoryViewModel.swift */ = {isa = PBXFileReference; lastKnownFileType = sourcecode.swift; path = OrderHistoryViewModel.swift; sourceTree = "<group>"; };
		BB860145260C32AE0093EE16 /* HistoryCellDataSource.swift */ = {isa = PBXFileReference; lastKnownFileType = sourcecode.swift; path = HistoryCellDataSource.swift; sourceTree = "<group>"; };
		BB86014A260C32C40093EE16 /* HistoryCell.swift */ = {isa = PBXFileReference; lastKnownFileType = sourcecode.swift; path = HistoryCell.swift; sourceTree = "<group>"; };
		BB978F18263B42670021FBD7 /* greenbeansinclogo_default.png */ = {isa = PBXFileReference; lastKnownFileType = image.png; path = greenbeansinclogo_default.png; sourceTree = "<group>"; };
		BB978F53263B7CE60021FBD7 /* CustomTextField.swift */ = {isa = PBXFileReference; lastKnownFileType = sourcecode.swift; path = CustomTextField.swift; sourceTree = "<group>"; };
		BB9F3DB3261C2561003C93FA /* GuestAutoAddr.swift */ = {isa = PBXFileReference; lastKnownFileType = sourcecode.swift; path = GuestAutoAddr.swift; sourceTree = "<group>"; };
		BB9F3DB9261C2780003C93FA /* SearchResults.swift */ = {isa = PBXFileReference; lastKnownFileType = sourcecode.swift; path = SearchResults.swift; sourceTree = "<group>"; };
		BB9F3DBE261C27D0003C93FA /* AddressSearchBar.swift */ = {isa = PBXFileReference; lastKnownFileType = sourcecode.swift; path = AddressSearchBar.swift; sourceTree = "<group>"; };
		BBC02E1726424675009AFA5B /* AdminViewModel.swift */ = {isa = PBXFileReference; lastKnownFileType = sourcecode.swift; path = AdminViewModel.swift; sourceTree = "<group>"; };
		BBF0509E2648EAB800447E3E /* icons8-checked-checkbox-48.png */ = {isa = PBXFileReference; lastKnownFileType = image.png; path = "icons8-checked-checkbox-48.png"; sourceTree = "<group>"; };
		BBF050A32648EAC200447E3E /* icons8-unchecked-checkbox-48.png */ = {isa = PBXFileReference; lastKnownFileType = image.png; path = "icons8-unchecked-checkbox-48.png"; sourceTree = "<group>"; };
/* End PBXFileReference section */

/* Begin PBXFrameworksBuildPhase section */
		BB61A6FC25EDFB7100EB1228 /* Frameworks */ = {
			isa = PBXFrameworksBuildPhase;
			buildActionMask = 2147483647;
			files = (
				BBBF3C4926412C81000E97F9 /* FirebaseFirestoreSwift-Beta in Frameworks */,
				BBBF3C4D26412C81000E97F9 /* FirebaseAuth in Frameworks */,
				BBBF3C4B26412C81000E97F9 /* FirebaseStorage in Frameworks */,
				E7BBEAD6FCFC82270EF5A7FA /* Pods_GreenBeansSB.framework in Frameworks */,
				BBBF3C4726412C81000E97F9 /* FirebaseStorageSwift-Beta in Frameworks */,
				BBBF3C5126412C81000E97F9 /* FirebaseDatabase in Frameworks */,
				BBBF3C4F26412C81000E97F9 /* FirebaseFirestore in Frameworks */,
			);
			runOnlyForDeploymentPostprocessing = 0;
		};
		BB61A71225EDFB7500EB1228 /* Frameworks */ = {
			isa = PBXFrameworksBuildPhase;
			buildActionMask = 2147483647;
			files = (
				0D7132EC57EA136C45D15B00 /* Pods_GreenBeansSBTests.framework in Frameworks */,
			);
			runOnlyForDeploymentPostprocessing = 0;
		};
		BB61A71D25EDFB7500EB1228 /* Frameworks */ = {
			isa = PBXFrameworksBuildPhase;
			buildActionMask = 2147483647;
			files = (
				2C78A47E48B36CB1BF184454 /* Pods_GreenBeansSB_GreenBeansSBUITests.framework in Frameworks */,
			);
			runOnlyForDeploymentPostprocessing = 0;
		};
/* End PBXFrameworksBuildPhase section */

/* Begin PBXGroup section */
		BB0BC534263F9E8A0079544B /* Admin */ = {
			isa = PBXGroup;
			children = (
				BB536686264E3B260011FD66 /* CustomerOrders */,
				BB0BC56B26411E8B0079544B /* AddProduct.swift */,
				BB0BC54A263F9F020079544B /* AddDeleteProducts.swift */,
				BB0BC55C2640DAFC0079544B /* EditProduct.swift */,
				BB0BC5612640DEFB0079544B /* NewAdmin.swift */,
			);
			path = Admin;
			sourceTree = "<group>";
		};
		BB1A149525F77091008F94C9 /* SideMenu */ = {
			isa = PBXGroup;
			children = (
			);
			path = SideMenu;
			sourceTree = "<group>";
		};
		BB1A149E25F9D6DE008F94C9 /* OrderDetails */ = {
			isa = PBXGroup;
			children = (
				BB1A14A525F9F0C0008F94C9 /* OrderTypeViewController.swift */,
				BB1A14BC25FB6262008F94C9 /* OrderSummaryViewController.swift */,
				BB8601102601CEFB0093EE16 /* PickupViewController.swift */,
				BB86011D260201320093EE16 /* TimeViewController.swift */,
			);
			path = OrderDetails;
			sourceTree = "<group>";
		};
		BB256A692651ED2200A848CF /* CustomerOrderCell */ = {
			isa = PBXGroup;
			children = (
				BB256A6A2651ED6D00A848CF /* CustomerOrderCell.swift */,
				BB256A6F2651ED9F00A848CF /* CustomerOrderCellDataSource.swift */,
			);
			path = CustomerOrderCell;
			sourceTree = "<group>";
		};
		BB4D4D9026254E1300581F83 /* fonts */ = {
			isa = PBXGroup;
			children = (
				BB4D4D962625502C00581F83 /* Pipetton DEMO.ttf */,
				BB4D4D9126254E4400581F83 /* Futura.ttc */,
			);
			path = fonts;
			sourceTree = "<group>";
		};
		BB536686264E3B260011FD66 /* CustomerOrders */ = {
			isa = PBXGroup;
			children = (
				BB256A692651ED2200A848CF /* CustomerOrderCell */,
				BB536681264E36F80011FD66 /* CustomerOrders.swift */,
				BB536692264E3DCB0011FD66 /* OrderDetails.swift */,
			);
			path = CustomerOrders;
			sourceTree = "<group>";
		};
		BB61A6F625EDFB7000EB1228 = {
			isa = PBXGroup;
			children = (
				BB61A70125EDFB7100EB1228 /* GreenBeansSB */,
				BB61A71825EDFB7500EB1228 /* GreenBeansSBTests */,
				BB61A72325EDFB7500EB1228 /* GreenBeansSBUITests */,
				BB61A70025EDFB7100EB1228 /* Products */,
				F821B6D54D1E0443F77A702E /* Pods */,
				F581DF55129128CA8A966A51 /* Frameworks */,
			);
			sourceTree = "<group>";
		};
		BB61A70025EDFB7100EB1228 /* Products */ = {
			isa = PBXGroup;
			children = (
				BB61A6FF25EDFB7100EB1228 /* GreenBeansSB.app */,
				BB61A71525EDFB7500EB1228 /* GreenBeansSBTests.xctest */,
				BB61A72025EDFB7500EB1228 /* GreenBeansSBUITests.xctest */,
			);
			name = Products;
			sourceTree = "<group>";
		};
		BB61A70125EDFB7100EB1228 /* GreenBeansSB */ = {
			isa = PBXGroup;
			children = (
				BB4D4D9026254E1300581F83 /* fonts */,
				BB61A7A425EE10A900EB1228 /* GoogleService-Info.plist */,
				BB61A79325EE06FC00EB1228 /* Helpers */,
				BB61A73725EDFBD900EB1228 /* Model */,
				BB61A73625EDFBC700EB1228 /* ViewModel */,
				BB61A73525EDFBBA00EB1228 /* View */,
				BB61A70225EDFB7100EB1228 /* AppDelegate.swift */,
				BB61A70425EDFB7100EB1228 /* SceneDelegate.swift */,
				BB61A70825EDFB7100EB1228 /* Main.storyboard */,
				BB0BC5662640F04A0079544B /* imagePlaceholder.png */,
				BBF050A32648EAC200447E3E /* icons8-unchecked-checkbox-48.png */,
				BBF0509E2648EAB800447E3E /* icons8-checked-checkbox-48.png */,
				BB978F18263B42670021FBD7 /* greenbeansinclogo_default.png */,
				BB61A70B25EDFB7400EB1228 /* Assets.xcassets */,
				BB61A70D25EDFB7400EB1228 /* LaunchScreen.storyboard */,
				BB61A71025EDFB7400EB1228 /* Info.plist */,
			);
			path = GreenBeansSB;
			sourceTree = "<group>";
		};
		BB61A71825EDFB7500EB1228 /* GreenBeansSBTests */ = {
			isa = PBXGroup;
			children = (
				BB61A71925EDFB7500EB1228 /* GreenBeansSBTests.swift */,
				BB61A71B25EDFB7500EB1228 /* Info.plist */,
			);
			path = GreenBeansSBTests;
			sourceTree = "<group>";
		};
		BB61A72325EDFB7500EB1228 /* GreenBeansSBUITests */ = {
			isa = PBXGroup;
			children = (
				BB61A72425EDFB7500EB1228 /* GreenBeansSBUITests.swift */,
				BB61A72625EDFB7500EB1228 /* Info.plist */,
			);
			path = GreenBeansSBUITests;
			sourceTree = "<group>";
		};
		BB61A73525EDFBBA00EB1228 /* View */ = {
			isa = PBXGroup;
			children = (
				BB0BC534263F9E8A0079544B /* Admin */,
				BB61A80125EF48F400EB1228 /* Settings */,
				BB61A73C25EDFC8100EB1228 /* OrderHistory */,
				BB61A73B25EDFC7B00EB1228 /* Cart */,
				BB61A73A25EDFC6D00EB1228 /* VirtualStore */,
				BB61A73925EDFC6400EB1228 /* SideMenu */,
				BB61A73825EDFC4C00EB1228 /* Authentication */,
			);
			path = View;
			sourceTree = "<group>";
		};
		BB61A73625EDFBC700EB1228 /* ViewModel */ = {
			isa = PBXGroup;
			children = (
				BBC02E1626424658009AFA5B /* Admin */,
				BB86012B260968B90093EE16 /* OrderHistory */,
				BB1A149525F77091008F94C9 /* SideMenu */,
				BB61A85725F4A38800EB1228 /* Cart */,
				BB61A73F25EDFCB900EB1228 /* VirtualStore */,
				BB61A73D25EDFCA900EB1228 /* Authentication */,
			);
			path = ViewModel;
			sourceTree = "<group>";
		};
		BB61A73725EDFBD900EB1228 /* Model */ = {
			isa = PBXGroup;
			children = (
				BB61A74025EDFD1400EB1228 /* User.swift */,
				BB61A74825EDFD2300EB1228 /* Order.swift */,
				BB61A7B725EE150200EB1228 /* Product.swift */,
				BB1A14AA25FAE4A0008F94C9 /* Address.swift */,
			);
			path = Model;
			sourceTree = "<group>";
		};
		BB61A73825EDFC4C00EB1228 /* Authentication */ = {
			isa = PBXGroup;
			children = (
				BB61A75525EDFDA800EB1228 /* LoginViewController.swift */,
				BB61A75A25EDFDBC00EB1228 /* RegisterViewController.swift */,
			);
			path = Authentication;
			sourceTree = "<group>";
		};
		BB61A73925EDFC6400EB1228 /* SideMenu */ = {
			isa = PBXGroup;
			children = (
				BB61A7F225EF3F5600EB1228 /* SideMenuViewController.swift */,
			);
			path = SideMenu;
			sourceTree = "<group>";
		};
		BB61A73A25EDFC6D00EB1228 /* VirtualStore */ = {
			isa = PBXGroup;
			children = (
				BB61A7C725EE1C7600EB1228 /* VirtualStoreViewController.swift */,
				BB61A81C25EF79A500EB1228 /* ProductCell.swift */,
				BB61A82125EF7FB800EB1228 /* ProductListDataSource.swift */,
				BB61A83825F1EEC600EB1228 /* ProductDetailViewController.swift */,
			);
			path = VirtualStore;
			sourceTree = "<group>";
		};
		BB61A73B25EDFC7B00EB1228 /* Cart */ = {
			isa = PBXGroup;
			children = (
				BB860119260200D90093EE16 /* CartCell */,
				BB1A149E25F9D6DE008F94C9 /* OrderDetails */,
				BB61A86825F60B9300EB1228 /* Address */,
				BB61A7F725EF48D900EB1228 /* CartViewController.swift */,
			);
			path = Cart;
			sourceTree = "<group>";
		};
		BB61A73C25EDFC8100EB1228 /* OrderHistory */ = {
			isa = PBXGroup;
			children = (
				BB860144260C32930093EE16 /* HistoryCell */,
				BB61A7FC25EF48ED00EB1228 /* OrderHistoryViewController.swift */,
			);
			path = OrderHistory;
			sourceTree = "<group>";
		};
		BB61A73D25EDFCA900EB1228 /* Authentication */ = {
			isa = PBXGroup;
			children = (
				BB61A7BF25EE161300EB1228 /* AuthViewModel.swift */,
				BB61A82B25EF9EC700EB1228 /* TestViewController.swift */,
			);
			path = Authentication;
			sourceTree = "<group>";
		};
		BB61A73F25EDFCB900EB1228 /* VirtualStore */ = {
			isa = PBXGroup;
			children = (
				BB61A81425EF6F1F00EB1228 /* VirtualStoreViewModel.swift */,
			);
			path = VirtualStore;
			sourceTree = "<group>";
		};
		BB61A79325EE06FC00EB1228 /* Helpers */ = {
			isa = PBXGroup;
			children = (
				BB61A79425EE072800EB1228 /* Helper.swift */,
				BB61A7D725EE252D00EB1228 /* CustomView.swift */,
				BB61A82625EF953200EB1228 /* Constants.swift */,
				BB61A83325F0E7EC00EB1228 /* CollectionReference.swift */,
				BB4D4D8B262548BA00581F83 /* Designables.swift */,
				BB978F53263B7CE60021FBD7 /* CustomTextField.swift */,
			);
			path = Helpers;
			sourceTree = "<group>";
		};
		BB61A80125EF48F400EB1228 /* Settings */ = {
			isa = PBXGroup;
			children = (
				BB61A80525EF490D00EB1228 /* SettingsViewController.swift */,
			);
			path = Settings;
			sourceTree = "<group>";
		};
		BB61A85725F4A38800EB1228 /* Cart */ = {
			isa = PBXGroup;
			children = (
				BB61A85E25F4A41A00EB1228 /* CartViewModel.swift */,
				BB61A88825F6158E00EB1228 /* AddressViewModel.swift */,
			);
			path = Cart;
			sourceTree = "<group>";
		};
		BB61A86825F60B9300EB1228 /* Address */ = {
			isa = PBXGroup;
			children = (
				BB9F3DB8261C274C003C93FA /* AutoComplete */,
				BB8601152602008C0093EE16 /* AddressCells */,
				BB860122260424160093EE16 /* GuestContactViewController.swift */,
				BB61A87425F60D1700EB1228 /* UserAddressViewController.swift */,
				BB1A14B725FB47E0008F94C9 /* NewAddressViewController.swift */,
			);
			path = Address;
			sourceTree = "<group>";
		};
		BB8601152602008C0093EE16 /* AddressCells */ = {
			isa = PBXGroup;
			children = (
				BB61A89025F6198900EB1228 /* AddressCellDataSource.swift */,
				BB61A87925F6149F00EB1228 /* AddressCell.swift */,
			);
			path = AddressCells;
			sourceTree = "<group>";
		};
		BB860119260200D90093EE16 /* CartCell */ = {
			isa = PBXGroup;
			children = (
				BB61A85225F4A18500EB1228 /* CartCellDataSource.swift */,
				BB61A84D25F49CE600EB1228 /* CartCell.swift */,
			);
			path = CartCell;
			sourceTree = "<group>";
		};
		BB86012B260968B90093EE16 /* OrderHistory */ = {
			isa = PBXGroup;
			children = (
				BB86013C260974140093EE16 /* OrderHistoryViewModel.swift */,
			);
			path = OrderHistory;
			sourceTree = "<group>";
		};
		BB860144260C32930093EE16 /* HistoryCell */ = {
			isa = PBXGroup;
			children = (
				BB860145260C32AE0093EE16 /* HistoryCellDataSource.swift */,
				BB86014A260C32C40093EE16 /* HistoryCell.swift */,
			);
			path = HistoryCell;
			sourceTree = "<group>";
		};
		BB9F3DB8261C274C003C93FA /* AutoComplete */ = {
			isa = PBXGroup;
			children = (
				BB9F3DB3261C2561003C93FA /* GuestAutoAddr.swift */,
				BB9F3DB9261C2780003C93FA /* SearchResults.swift */,
				BB9F3DBE261C27D0003C93FA /* AddressSearchBar.swift */,
			);
			path = AutoComplete;
			sourceTree = "<group>";
		};
		BBC02E1626424658009AFA5B /* Admin */ = {
			isa = PBXGroup;
			children = (
				BBC02E1726424675009AFA5B /* AdminViewModel.swift */,
			);
			path = Admin;
			sourceTree = "<group>";
		};
		F581DF55129128CA8A966A51 /* Frameworks */ = {
			isa = PBXGroup;
			children = (
				70819FF9B6009D94BE2A5307 /* Pods_GreenBeansSB.framework */,
				3039C464876F8630E73317F7 /* Pods_GreenBeansSB_GreenBeansSBUITests.framework */,
				08FB0C66E156FC29B557F8EE /* Pods_GreenBeansSBTests.framework */,
			);
			name = Frameworks;
			sourceTree = "<group>";
		};
		F821B6D54D1E0443F77A702E /* Pods */ = {
			isa = PBXGroup;
			children = (
				B11D6138182CFF514D6B8B78 /* Pods-GreenBeansSB.debug.xcconfig */,
				861B18D6AB76440AE1B00B8E /* Pods-GreenBeansSB.release.xcconfig */,
				96C96497DE0E4DF2183138DE /* Pods-GreenBeansSB-GreenBeansSBUITests.debug.xcconfig */,
				6E1140A3A0AFFA4BB5909D64 /* Pods-GreenBeansSB-GreenBeansSBUITests.release.xcconfig */,
				B10D6C8B9870950086E8FCE0 /* Pods-GreenBeansSBTests.debug.xcconfig */,
				85F037401CE501A05F1518F6 /* Pods-GreenBeansSBTests.release.xcconfig */,
			);
			path = Pods;
			sourceTree = "<group>";
		};
/* End PBXGroup section */

/* Begin PBXNativeTarget section */
		BB61A6FE25EDFB7100EB1228 /* GreenBeansSB */ = {
			isa = PBXNativeTarget;
			buildConfigurationList = BB61A72925EDFB7500EB1228 /* Build configuration list for PBXNativeTarget "GreenBeansSB" */;
			buildPhases = (
				17C5B9A87784D5B747EBD362 /* [CP] Check Pods Manifest.lock */,
				BB61A6FB25EDFB7100EB1228 /* Sources */,
				BB61A6FC25EDFB7100EB1228 /* Frameworks */,
				BB61A6FD25EDFB7100EB1228 /* Resources */,
				8B8AB00B697483DF6F2ACC8E /* [CP] Embed Pods Frameworks */,
				29D58AFAE721D644BABA8C55 /* [CP] Copy Pods Resources */,
			);
			buildRules = (
			);
			dependencies = (
			);
			name = GreenBeansSB;
			packageProductDependencies = (
				BBBF3C4626412C81000E97F9 /* FirebaseStorageSwift-Beta */,
				BBBF3C4826412C81000E97F9 /* FirebaseFirestoreSwift-Beta */,
				BBBF3C4A26412C81000E97F9 /* FirebaseStorage */,
				BBBF3C4C26412C81000E97F9 /* FirebaseAuth */,
				BBBF3C4E26412C81000E97F9 /* FirebaseFirestore */,
				BBBF3C5026412C81000E97F9 /* FirebaseDatabase */,
			);
			productName = GreenBeansSB;
			productReference = BB61A6FF25EDFB7100EB1228 /* GreenBeansSB.app */;
			productType = "com.apple.product-type.application";
		};
		BB61A71425EDFB7500EB1228 /* GreenBeansSBTests */ = {
			isa = PBXNativeTarget;
			buildConfigurationList = BB61A72C25EDFB7500EB1228 /* Build configuration list for PBXNativeTarget "GreenBeansSBTests" */;
			buildPhases = (
				150C6D8C12BD180364B5E6A8 /* [CP] Check Pods Manifest.lock */,
				BB61A71125EDFB7500EB1228 /* Sources */,
				BB61A71225EDFB7500EB1228 /* Frameworks */,
				BB61A71325EDFB7500EB1228 /* Resources */,
			);
			buildRules = (
			);
			dependencies = (
				BB61A71725EDFB7500EB1228 /* PBXTargetDependency */,
			);
			name = GreenBeansSBTests;
			productName = GreenBeansSBTests;
			productReference = BB61A71525EDFB7500EB1228 /* GreenBeansSBTests.xctest */;
			productType = "com.apple.product-type.bundle.unit-test";
		};
		BB61A71F25EDFB7500EB1228 /* GreenBeansSBUITests */ = {
			isa = PBXNativeTarget;
			buildConfigurationList = BB61A72F25EDFB7500EB1228 /* Build configuration list for PBXNativeTarget "GreenBeansSBUITests" */;
			buildPhases = (
				843884B451831603C8ED4E1C /* [CP] Check Pods Manifest.lock */,
				BB61A71C25EDFB7500EB1228 /* Sources */,
				BB61A71D25EDFB7500EB1228 /* Frameworks */,
				BB61A71E25EDFB7500EB1228 /* Resources */,
				12E33EA25EB280A618A1F4A3 /* [CP] Embed Pods Frameworks */,
				F80A6B741B221B1B4D4C5E4C /* [CP] Copy Pods Resources */,
			);
			buildRules = (
			);
			dependencies = (
				BB61A72225EDFB7500EB1228 /* PBXTargetDependency */,
			);
			name = GreenBeansSBUITests;
			productName = GreenBeansSBUITests;
			productReference = BB61A72025EDFB7500EB1228 /* GreenBeansSBUITests.xctest */;
			productType = "com.apple.product-type.bundle.ui-testing";
		};
/* End PBXNativeTarget section */

/* Begin PBXProject section */
		BB61A6F725EDFB7000EB1228 /* Project object */ = {
			isa = PBXProject;
			attributes = {
				LastSwiftUpdateCheck = 1240;
				LastUpgradeCheck = 1240;
				TargetAttributes = {
					BB61A6FE25EDFB7100EB1228 = {
						CreatedOnToolsVersion = 12.4;
						LastSwiftMigration = 1240;
					};
					BB61A71425EDFB7500EB1228 = {
						CreatedOnToolsVersion = 12.4;
						TestTargetID = BB61A6FE25EDFB7100EB1228;
					};
					BB61A71F25EDFB7500EB1228 = {
						CreatedOnToolsVersion = 12.4;
						TestTargetID = BB61A6FE25EDFB7100EB1228;
					};
				};
			};
			buildConfigurationList = BB61A6FA25EDFB7000EB1228 /* Build configuration list for PBXProject "GreenBeansSB" */;
			compatibilityVersion = "Xcode 9.3";
			developmentRegion = en;
			hasScannedForEncodings = 0;
			knownRegions = (
				en,
				Base,
			);
			mainGroup = BB61A6F625EDFB7000EB1228;
			packageReferences = (
				BBBF3C4526412C81000E97F9 /* XCRemoteSwiftPackageReference "firebase-ios-sdk" */,
			);
			productRefGroup = BB61A70025EDFB7100EB1228 /* Products */;
			projectDirPath = "";
			projectRoot = "";
			targets = (
				BB61A6FE25EDFB7100EB1228 /* GreenBeansSB */,
				BB61A71425EDFB7500EB1228 /* GreenBeansSBTests */,
				BB61A71F25EDFB7500EB1228 /* GreenBeansSBUITests */,
			);
		};
/* End PBXProject section */

/* Begin PBXResourcesBuildPhase section */
		BB61A6FD25EDFB7100EB1228 /* Resources */ = {
			isa = PBXResourcesBuildPhase;
			buildActionMask = 2147483647;
			files = (
				BB61A70F25EDFB7400EB1228 /* LaunchScreen.storyboard in Resources */,
				BB61A7A525EE10A900EB1228 /* GoogleService-Info.plist in Resources */,
				BB61A70C25EDFB7400EB1228 /* Assets.xcassets in Resources */,
				BB61A70A25EDFB7100EB1228 /* Main.storyboard in Resources */,
				BB4D4D9226254E4E00581F83 /* Futura.ttc in Resources */,
				BB0BC5672640F04A0079544B /* imagePlaceholder.png in Resources */,
				BBF050A42648EAC200447E3E /* icons8-unchecked-checkbox-48.png in Resources */,
				BB4D4D972625503000581F83 /* Pipetton DEMO.ttf in Resources */,
				BB978F19263B42670021FBD7 /* greenbeansinclogo_default.png in Resources */,
				BBF0509F2648EAB800447E3E /* icons8-checked-checkbox-48.png in Resources */,
			);
			runOnlyForDeploymentPostprocessing = 0;
		};
		BB61A71325EDFB7500EB1228 /* Resources */ = {
			isa = PBXResourcesBuildPhase;
			buildActionMask = 2147483647;
			files = (
			);
			runOnlyForDeploymentPostprocessing = 0;
		};
		BB61A71E25EDFB7500EB1228 /* Resources */ = {
			isa = PBXResourcesBuildPhase;
			buildActionMask = 2147483647;
			files = (
			);
			runOnlyForDeploymentPostprocessing = 0;
		};
/* End PBXResourcesBuildPhase section */

/* Begin PBXShellScriptBuildPhase section */
		12E33EA25EB280A618A1F4A3 /* [CP] Embed Pods Frameworks */ = {
			isa = PBXShellScriptBuildPhase;
			buildActionMask = 2147483647;
			files = (
			);
			inputFileListPaths = (
				"${PODS_ROOT}/Target Support Files/Pods-GreenBeansSB-GreenBeansSBUITests/Pods-GreenBeansSB-GreenBeansSBUITests-frameworks-${CONFIGURATION}-input-files.xcfilelist",
			);
			name = "[CP] Embed Pods Frameworks";
			outputFileListPaths = (
				"${PODS_ROOT}/Target Support Files/Pods-GreenBeansSB-GreenBeansSBUITests/Pods-GreenBeansSB-GreenBeansSBUITests-frameworks-${CONFIGURATION}-output-files.xcfilelist",
			);
			runOnlyForDeploymentPostprocessing = 0;
			shellPath = /bin/sh;
			shellScript = "\"${PODS_ROOT}/Target Support Files/Pods-GreenBeansSB-GreenBeansSBUITests/Pods-GreenBeansSB-GreenBeansSBUITests-frameworks.sh\"\n";
			showEnvVarsInLog = 0;
		};
		150C6D8C12BD180364B5E6A8 /* [CP] Check Pods Manifest.lock */ = {
			isa = PBXShellScriptBuildPhase;
			buildActionMask = 2147483647;
			files = (
			);
			inputFileListPaths = (
			);
			inputPaths = (
				"${PODS_PODFILE_DIR_PATH}/Podfile.lock",
				"${PODS_ROOT}/Manifest.lock",
			);
			name = "[CP] Check Pods Manifest.lock";
			outputFileListPaths = (
			);
			outputPaths = (
				"$(DERIVED_FILE_DIR)/Pods-GreenBeansSBTests-checkManifestLockResult.txt",
			);
			runOnlyForDeploymentPostprocessing = 0;
			shellPath = /bin/sh;
			shellScript = "diff \"${PODS_PODFILE_DIR_PATH}/Podfile.lock\" \"${PODS_ROOT}/Manifest.lock\" > /dev/null\nif [ $? != 0 ] ; then\n    # print error to STDERR\n    echo \"error: The sandbox is not in sync with the Podfile.lock. Run 'pod install' or update your CocoaPods installation.\" >&2\n    exit 1\nfi\n# This output is used by Xcode 'outputs' to avoid re-running this script phase.\necho \"SUCCESS\" > \"${SCRIPT_OUTPUT_FILE_0}\"\n";
			showEnvVarsInLog = 0;
		};
		17C5B9A87784D5B747EBD362 /* [CP] Check Pods Manifest.lock */ = {
			isa = PBXShellScriptBuildPhase;
			buildActionMask = 2147483647;
			files = (
			);
			inputFileListPaths = (
			);
			inputPaths = (
				"${PODS_PODFILE_DIR_PATH}/Podfile.lock",
				"${PODS_ROOT}/Manifest.lock",
			);
			name = "[CP] Check Pods Manifest.lock";
			outputFileListPaths = (
			);
			outputPaths = (
				"$(DERIVED_FILE_DIR)/Pods-GreenBeansSB-checkManifestLockResult.txt",
			);
			runOnlyForDeploymentPostprocessing = 0;
			shellPath = /bin/sh;
			shellScript = "diff \"${PODS_PODFILE_DIR_PATH}/Podfile.lock\" \"${PODS_ROOT}/Manifest.lock\" > /dev/null\nif [ $? != 0 ] ; then\n    # print error to STDERR\n    echo \"error: The sandbox is not in sync with the Podfile.lock. Run 'pod install' or update your CocoaPods installation.\" >&2\n    exit 1\nfi\n# This output is used by Xcode 'outputs' to avoid re-running this script phase.\necho \"SUCCESS\" > \"${SCRIPT_OUTPUT_FILE_0}\"\n";
			showEnvVarsInLog = 0;
		};
		29D58AFAE721D644BABA8C55 /* [CP] Copy Pods Resources */ = {
			isa = PBXShellScriptBuildPhase;
			buildActionMask = 2147483647;
			files = (
			);
			inputFileListPaths = (
				"${PODS_ROOT}/Target Support Files/Pods-GreenBeansSB/Pods-GreenBeansSB-resources-${CONFIGURATION}-input-files.xcfilelist",
			);
			name = "[CP] Copy Pods Resources";
			outputFileListPaths = (
				"${PODS_ROOT}/Target Support Files/Pods-GreenBeansSB/Pods-GreenBeansSB-resources-${CONFIGURATION}-output-files.xcfilelist",
			);
			runOnlyForDeploymentPostprocessing = 0;
			shellPath = /bin/sh;
			shellScript = "\"${PODS_ROOT}/Target Support Files/Pods-GreenBeansSB/Pods-GreenBeansSB-resources.sh\"\n";
			showEnvVarsInLog = 0;
		};
		843884B451831603C8ED4E1C /* [CP] Check Pods Manifest.lock */ = {
			isa = PBXShellScriptBuildPhase;
			buildActionMask = 2147483647;
			files = (
			);
			inputFileListPaths = (
			);
			inputPaths = (
				"${PODS_PODFILE_DIR_PATH}/Podfile.lock",
				"${PODS_ROOT}/Manifest.lock",
			);
			name = "[CP] Check Pods Manifest.lock";
			outputFileListPaths = (
			);
			outputPaths = (
				"$(DERIVED_FILE_DIR)/Pods-GreenBeansSB-GreenBeansSBUITests-checkManifestLockResult.txt",
			);
			runOnlyForDeploymentPostprocessing = 0;
			shellPath = /bin/sh;
			shellScript = "diff \"${PODS_PODFILE_DIR_PATH}/Podfile.lock\" \"${PODS_ROOT}/Manifest.lock\" > /dev/null\nif [ $? != 0 ] ; then\n    # print error to STDERR\n    echo \"error: The sandbox is not in sync with the Podfile.lock. Run 'pod install' or update your CocoaPods installation.\" >&2\n    exit 1\nfi\n# This output is used by Xcode 'outputs' to avoid re-running this script phase.\necho \"SUCCESS\" > \"${SCRIPT_OUTPUT_FILE_0}\"\n";
			showEnvVarsInLog = 0;
		};
		8B8AB00B697483DF6F2ACC8E /* [CP] Embed Pods Frameworks */ = {
			isa = PBXShellScriptBuildPhase;
			buildActionMask = 2147483647;
			files = (
			);
			inputFileListPaths = (
				"${PODS_ROOT}/Target Support Files/Pods-GreenBeansSB/Pods-GreenBeansSB-frameworks-${CONFIGURATION}-input-files.xcfilelist",
			);
			name = "[CP] Embed Pods Frameworks";
			outputFileListPaths = (
				"${PODS_ROOT}/Target Support Files/Pods-GreenBeansSB/Pods-GreenBeansSB-frameworks-${CONFIGURATION}-output-files.xcfilelist",
			);
			runOnlyForDeploymentPostprocessing = 0;
			shellPath = /bin/sh;
			shellScript = "\"${PODS_ROOT}/Target Support Files/Pods-GreenBeansSB/Pods-GreenBeansSB-frameworks.sh\"\n";
			showEnvVarsInLog = 0;
		};
		F80A6B741B221B1B4D4C5E4C /* [CP] Copy Pods Resources */ = {
			isa = PBXShellScriptBuildPhase;
			buildActionMask = 2147483647;
			files = (
			);
			inputFileListPaths = (
				"${PODS_ROOT}/Target Support Files/Pods-GreenBeansSB-GreenBeansSBUITests/Pods-GreenBeansSB-GreenBeansSBUITests-resources-${CONFIGURATION}-input-files.xcfilelist",
			);
			name = "[CP] Copy Pods Resources";
			outputFileListPaths = (
				"${PODS_ROOT}/Target Support Files/Pods-GreenBeansSB-GreenBeansSBUITests/Pods-GreenBeansSB-GreenBeansSBUITests-resources-${CONFIGURATION}-output-files.xcfilelist",
			);
			runOnlyForDeploymentPostprocessing = 0;
			shellPath = /bin/sh;
			shellScript = "\"${PODS_ROOT}/Target Support Files/Pods-GreenBeansSB-GreenBeansSBUITests/Pods-GreenBeansSB-GreenBeansSBUITests-resources.sh\"\n";
			showEnvVarsInLog = 0;
		};
/* End PBXShellScriptBuildPhase section */

/* Begin PBXSourcesBuildPhase section */
		BB61A6FB25EDFB7100EB1228 /* Sources */ = {
			isa = PBXSourcesBuildPhase;
			buildActionMask = 2147483647;
			files = (
				BB61A7C825EE1C7600EB1228 /* VirtualStoreViewController.swift in Sources */,
				BB1A14B825FB47E0008F94C9 /* NewAddressViewController.swift in Sources */,
				BB61A88925F6158E00EB1228 /* AddressViewModel.swift in Sources */,
				BB0BC56C26411E8B0079544B /* AddProduct.swift in Sources */,
				BB61A87A25F6149F00EB1228 /* AddressCell.swift in Sources */,
				BB61A7C025EE161300EB1228 /* AuthViewModel.swift in Sources */,
				BB61A7FD25EF48ED00EB1228 /* OrderHistoryViewController.swift in Sources */,
				BB61A89125F6198900EB1228 /* AddressCellDataSource.swift in Sources */,
				BB61A75625EDFDA800EB1228 /* LoginViewController.swift in Sources */,
				BB860146260C32AE0093EE16 /* HistoryCellDataSource.swift in Sources */,
				BB536693264E3DCB0011FD66 /* OrderDetails.swift in Sources */,
				BB61A74125EDFD1400EB1228 /* User.swift in Sources */,
				BB61A87525F60D1700EB1228 /* UserAddressViewController.swift in Sources */,
				BB61A7F325EF3F5600EB1228 /* SideMenuViewController.swift in Sources */,
				BB61A84E25F49CE600EB1228 /* CartCell.swift in Sources */,
				BB536682264E36F80011FD66 /* CustomerOrders.swift in Sources */,
				BB256A6B2651ED6D00A848CF /* CustomerOrderCell.swift in Sources */,
				BB1A14AB25FAE4A0008F94C9 /* Address.swift in Sources */,
				BB61A81525EF6F1F00EB1228 /* VirtualStoreViewModel.swift in Sources */,
				BB1A14A625F9F0C0008F94C9 /* OrderTypeViewController.swift in Sources */,
				BB0BC54B263F9F020079544B /* AddDeleteProducts.swift in Sources */,
				BB61A82C25EF9EC700EB1228 /* TestViewController.swift in Sources */,
				BB86013D260974140093EE16 /* OrderHistoryViewModel.swift in Sources */,
				BB8601112601CEFB0093EE16 /* PickupViewController.swift in Sources */,
				BB86011E260201320093EE16 /* TimeViewController.swift in Sources */,
				BB9F3DBA261C2780003C93FA /* SearchResults.swift in Sources */,
				BB61A75B25EDFDBC00EB1228 /* RegisterViewController.swift in Sources */,
				BB61A7F825EF48D900EB1228 /* CartViewController.swift in Sources */,
				BB61A80625EF490D00EB1228 /* SettingsViewController.swift in Sources */,
				BB9F3DBF261C27D0003C93FA /* AddressSearchBar.swift in Sources */,
				BB61A74925EDFD2300EB1228 /* Order.swift in Sources */,
				BB61A7D825EE252D00EB1228 /* CustomView.swift in Sources */,
				BB860123260424160093EE16 /* GuestContactViewController.swift in Sources */,
				BB61A82225EF7FB800EB1228 /* ProductListDataSource.swift in Sources */,
				BB1A14BD25FB6262008F94C9 /* OrderSummaryViewController.swift in Sources */,
				BB9F3DB4261C2561003C93FA /* GuestAutoAddr.swift in Sources */,
				BB4D4D8C262548BA00581F83 /* Designables.swift in Sources */,
				BB0BC55D2640DAFC0079544B /* EditProduct.swift in Sources */,
				BB61A85F25F4A41A00EB1228 /* CartViewModel.swift in Sources */,
				BB61A83925F1EEC600EB1228 /* ProductDetailViewController.swift in Sources */,
				BB61A70325EDFB7100EB1228 /* AppDelegate.swift in Sources */,
				BB61A82725EF953200EB1228 /* Constants.swift in Sources */,
				BB61A85325F4A18500EB1228 /* CartCellDataSource.swift in Sources */,
				BB86014B260C32C40093EE16 /* HistoryCell.swift in Sources */,
				BB256A702651ED9F00A848CF /* CustomerOrderCellDataSource.swift in Sources */,
				BB61A70525EDFB7100EB1228 /* SceneDelegate.swift in Sources */,
				BB0BC5622640DEFB0079544B /* NewAdmin.swift in Sources */,
				BB61A81D25EF79A500EB1228 /* ProductCell.swift in Sources */,
				BB61A83425F0E7EC00EB1228 /* CollectionReference.swift in Sources */,
				BBC02E1826424675009AFA5B /* AdminViewModel.swift in Sources */,
				BB61A7B825EE150200EB1228 /* Product.swift in Sources */,
				BB61A79525EE072800EB1228 /* Helper.swift in Sources */,
				BB978F54263B7CE60021FBD7 /* CustomTextField.swift in Sources */,
			);
			runOnlyForDeploymentPostprocessing = 0;
		};
		BB61A71125EDFB7500EB1228 /* Sources */ = {
			isa = PBXSourcesBuildPhase;
			buildActionMask = 2147483647;
			files = (
				BB61A71A25EDFB7500EB1228 /* GreenBeansSBTests.swift in Sources */,
			);
			runOnlyForDeploymentPostprocessing = 0;
		};
		BB61A71C25EDFB7500EB1228 /* Sources */ = {
			isa = PBXSourcesBuildPhase;
			buildActionMask = 2147483647;
			files = (
				BB61A72525EDFB7500EB1228 /* GreenBeansSBUITests.swift in Sources */,
			);
			runOnlyForDeploymentPostprocessing = 0;
		};
/* End PBXSourcesBuildPhase section */

/* Begin PBXTargetDependency section */
		BB61A71725EDFB7500EB1228 /* PBXTargetDependency */ = {
			isa = PBXTargetDependency;
			target = BB61A6FE25EDFB7100EB1228 /* GreenBeansSB */;
			targetProxy = BB61A71625EDFB7500EB1228 /* PBXContainerItemProxy */;
		};
		BB61A72225EDFB7500EB1228 /* PBXTargetDependency */ = {
			isa = PBXTargetDependency;
			target = BB61A6FE25EDFB7100EB1228 /* GreenBeansSB */;
			targetProxy = BB61A72125EDFB7500EB1228 /* PBXContainerItemProxy */;
		};
/* End PBXTargetDependency section */

/* Begin PBXVariantGroup section */
		BB61A70825EDFB7100EB1228 /* Main.storyboard */ = {
			isa = PBXVariantGroup;
			children = (
				BB61A70925EDFB7100EB1228 /* Base */,
			);
			name = Main.storyboard;
			sourceTree = "<group>";
		};
		BB61A70D25EDFB7400EB1228 /* LaunchScreen.storyboard */ = {
			isa = PBXVariantGroup;
			children = (
				BB61A70E25EDFB7400EB1228 /* Base */,
			);
			name = LaunchScreen.storyboard;
			sourceTree = "<group>";
		};
/* End PBXVariantGroup section */

/* Begin XCBuildConfiguration section */
		BB61A72725EDFB7500EB1228 /* Debug */ = {
			isa = XCBuildConfiguration;
			buildSettings = {
				ALWAYS_SEARCH_USER_PATHS = NO;
				CLANG_ANALYZER_NONNULL = YES;
				CLANG_ANALYZER_NUMBER_OBJECT_CONVERSION = YES_AGGRESSIVE;
				CLANG_CXX_LANGUAGE_STANDARD = "gnu++14";
				CLANG_CXX_LIBRARY = "libc++";
				CLANG_ENABLE_MODULES = YES;
				CLANG_ENABLE_OBJC_ARC = YES;
				CLANG_ENABLE_OBJC_WEAK = YES;
				CLANG_WARN_BLOCK_CAPTURE_AUTORELEASING = YES;
				CLANG_WARN_BOOL_CONVERSION = YES;
				CLANG_WARN_COMMA = YES;
				CLANG_WARN_CONSTANT_CONVERSION = YES;
				CLANG_WARN_DEPRECATED_OBJC_IMPLEMENTATIONS = YES;
				CLANG_WARN_DIRECT_OBJC_ISA_USAGE = YES_ERROR;
				CLANG_WARN_DOCUMENTATION_COMMENTS = YES;
				CLANG_WARN_EMPTY_BODY = YES;
				CLANG_WARN_ENUM_CONVERSION = YES;
				CLANG_WARN_INFINITE_RECURSION = YES;
				CLANG_WARN_INT_CONVERSION = YES;
				CLANG_WARN_NON_LITERAL_NULL_CONVERSION = YES;
				CLANG_WARN_OBJC_IMPLICIT_RETAIN_SELF = YES;
				CLANG_WARN_OBJC_LITERAL_CONVERSION = YES;
				CLANG_WARN_OBJC_ROOT_CLASS = YES_ERROR;
				CLANG_WARN_QUOTED_INCLUDE_IN_FRAMEWORK_HEADER = YES;
				CLANG_WARN_RANGE_LOOP_ANALYSIS = YES;
				CLANG_WARN_STRICT_PROTOTYPES = YES;
				CLANG_WARN_SUSPICIOUS_MOVE = YES;
				CLANG_WARN_UNGUARDED_AVAILABILITY = YES_AGGRESSIVE;
				CLANG_WARN_UNREACHABLE_CODE = YES;
				CLANG_WARN__DUPLICATE_METHOD_MATCH = YES;
				COPY_PHASE_STRIP = NO;
				DEBUG_INFORMATION_FORMAT = dwarf;
				ENABLE_STRICT_OBJC_MSGSEND = YES;
				ENABLE_TESTABILITY = YES;
				"EXCLUDED_ARCHS[sdk=iphonesimulator*]" = arm64;
				GCC_C_LANGUAGE_STANDARD = gnu11;
				GCC_DYNAMIC_NO_PIC = NO;
				GCC_NO_COMMON_BLOCKS = YES;
				GCC_OPTIMIZATION_LEVEL = 0;
				GCC_PREPROCESSOR_DEFINITIONS = (
					"DEBUG=1",
					"$(inherited)",
				);
				GCC_WARN_64_TO_32_BIT_CONVERSION = YES;
				GCC_WARN_ABOUT_RETURN_TYPE = YES_ERROR;
				GCC_WARN_UNDECLARED_SELECTOR = YES;
				GCC_WARN_UNINITIALIZED_AUTOS = YES_AGGRESSIVE;
				GCC_WARN_UNUSED_FUNCTION = YES;
				GCC_WARN_UNUSED_VARIABLE = YES;
				IPHONEOS_DEPLOYMENT_TARGET = 13.2;
				MTL_ENABLE_DEBUG_INFO = INCLUDE_SOURCE;
				MTL_FAST_MATH = YES;
				ONLY_ACTIVE_ARCH = YES;
				SDKROOT = iphoneos;
				SWIFT_ACTIVE_COMPILATION_CONDITIONS = DEBUG;
				SWIFT_OPTIMIZATION_LEVEL = "-Onone";
			};
			name = Debug;
		};
		BB61A72825EDFB7500EB1228 /* Release */ = {
			isa = XCBuildConfiguration;
			buildSettings = {
				ALWAYS_SEARCH_USER_PATHS = NO;
				CLANG_ANALYZER_NONNULL = YES;
				CLANG_ANALYZER_NUMBER_OBJECT_CONVERSION = YES_AGGRESSIVE;
				CLANG_CXX_LANGUAGE_STANDARD = "gnu++14";
				CLANG_CXX_LIBRARY = "libc++";
				CLANG_ENABLE_MODULES = YES;
				CLANG_ENABLE_OBJC_ARC = YES;
				CLANG_ENABLE_OBJC_WEAK = YES;
				CLANG_WARN_BLOCK_CAPTURE_AUTORELEASING = YES;
				CLANG_WARN_BOOL_CONVERSION = YES;
				CLANG_WARN_COMMA = YES;
				CLANG_WARN_CONSTANT_CONVERSION = YES;
				CLANG_WARN_DEPRECATED_OBJC_IMPLEMENTATIONS = YES;
				CLANG_WARN_DIRECT_OBJC_ISA_USAGE = YES_ERROR;
				CLANG_WARN_DOCUMENTATION_COMMENTS = YES;
				CLANG_WARN_EMPTY_BODY = YES;
				CLANG_WARN_ENUM_CONVERSION = YES;
				CLANG_WARN_INFINITE_RECURSION = YES;
				CLANG_WARN_INT_CONVERSION = YES;
				CLANG_WARN_NON_LITERAL_NULL_CONVERSION = YES;
				CLANG_WARN_OBJC_IMPLICIT_RETAIN_SELF = YES;
				CLANG_WARN_OBJC_LITERAL_CONVERSION = YES;
				CLANG_WARN_OBJC_ROOT_CLASS = YES_ERROR;
				CLANG_WARN_QUOTED_INCLUDE_IN_FRAMEWORK_HEADER = YES;
				CLANG_WARN_RANGE_LOOP_ANALYSIS = YES;
				CLANG_WARN_STRICT_PROTOTYPES = YES;
				CLANG_WARN_SUSPICIOUS_MOVE = YES;
				CLANG_WARN_UNGUARDED_AVAILABILITY = YES_AGGRESSIVE;
				CLANG_WARN_UNREACHABLE_CODE = YES;
				CLANG_WARN__DUPLICATE_METHOD_MATCH = YES;
				COPY_PHASE_STRIP = NO;
				DEBUG_INFORMATION_FORMAT = "dwarf-with-dsym";
				ENABLE_NS_ASSERTIONS = NO;
				ENABLE_STRICT_OBJC_MSGSEND = YES;
				"EXCLUDED_ARCHS[sdk=iphonesimulator*]" = arm64;
				GCC_C_LANGUAGE_STANDARD = gnu11;
				GCC_NO_COMMON_BLOCKS = YES;
				GCC_WARN_64_TO_32_BIT_CONVERSION = YES;
				GCC_WARN_ABOUT_RETURN_TYPE = YES_ERROR;
				GCC_WARN_UNDECLARED_SELECTOR = YES;
				GCC_WARN_UNINITIALIZED_AUTOS = YES_AGGRESSIVE;
				GCC_WARN_UNUSED_FUNCTION = YES;
				GCC_WARN_UNUSED_VARIABLE = YES;
				IPHONEOS_DEPLOYMENT_TARGET = 13.2;
				MTL_ENABLE_DEBUG_INFO = NO;
				MTL_FAST_MATH = YES;
				SDKROOT = iphoneos;
				SWIFT_COMPILATION_MODE = wholemodule;
				SWIFT_OPTIMIZATION_LEVEL = "-O";
				VALIDATE_PRODUCT = YES;
			};
			name = Release;
		};
		BB61A72A25EDFB7500EB1228 /* Debug */ = {
			isa = XCBuildConfiguration;
			baseConfigurationReference = B11D6138182CFF514D6B8B78 /* Pods-GreenBeansSB.debug.xcconfig */;
			buildSettings = {
				ASSETCATALOG_COMPILER_APPICON_NAME = AppIcon;
				ASSETCATALOG_COMPILER_GLOBAL_ACCENT_COLOR_NAME = AccentColor;
				CLANG_ENABLE_MODULES = YES;
				CODE_SIGN_STYLE = Automatic;
				DEVELOPMENT_TEAM = Z2A427979Q;
				"EXCLUDED_ARCHS[sdk=iphonesimulator*]" = arm64;
				INFOPLIST_FILE = GreenBeansSB/Info.plist;
				LD_RUNPATH_SEARCH_PATHS = (
					"$(inherited)",
					"@executable_path/Frameworks",
				);
				PRODUCT_BUNDLE_IDENTIFIER = com.top.greenbeansSB;
				PRODUCT_NAME = "$(TARGET_NAME)";
				SWIFT_OBJC_BRIDGING_HEADER = "";
				SWIFT_OPTIMIZATION_LEVEL = "-Onone";
				SWIFT_VERSION = 5.0;
				TARGETED_DEVICE_FAMILY = "1,2";
			};
			name = Debug;
		};
		BB61A72B25EDFB7500EB1228 /* Release */ = {
			isa = XCBuildConfiguration;
			baseConfigurationReference = 861B18D6AB76440AE1B00B8E /* Pods-GreenBeansSB.release.xcconfig */;
			buildSettings = {
				ASSETCATALOG_COMPILER_APPICON_NAME = AppIcon;
				ASSETCATALOG_COMPILER_GLOBAL_ACCENT_COLOR_NAME = AccentColor;
				CLANG_ENABLE_MODULES = YES;
				CODE_SIGN_STYLE = Automatic;
				DEVELOPMENT_TEAM = Z2A427979Q;
				"EXCLUDED_ARCHS[sdk=iphonesimulator*]" = arm64;
				INFOPLIST_FILE = GreenBeansSB/Info.plist;
				LD_RUNPATH_SEARCH_PATHS = (
					"$(inherited)",
					"@executable_path/Frameworks",
				);
				PRODUCT_BUNDLE_IDENTIFIER = com.top.greenbeansSB;
				PRODUCT_NAME = "$(TARGET_NAME)";
				SWIFT_OBJC_BRIDGING_HEADER = "";
				SWIFT_VERSION = 5.0;
				TARGETED_DEVICE_FAMILY = "1,2";
			};
			name = Release;
		};
		BB61A72D25EDFB7500EB1228 /* Debug */ = {
			isa = XCBuildConfiguration;
			baseConfigurationReference = B10D6C8B9870950086E8FCE0 /* Pods-GreenBeansSBTests.debug.xcconfig */;
			buildSettings = {
				ALWAYS_EMBED_SWIFT_STANDARD_LIBRARIES = YES;
				BUNDLE_LOADER = "$(TEST_HOST)";
				CODE_SIGN_STYLE = Automatic;
				DEVELOPMENT_TEAM = Z2A427979Q;
				INFOPLIST_FILE = GreenBeansSBTests/Info.plist;
				IPHONEOS_DEPLOYMENT_TARGET = 14.4;
				LD_RUNPATH_SEARCH_PATHS = (
					"$(inherited)",
					"@executable_path/Frameworks",
					"@loader_path/Frameworks",
				);
				PRODUCT_BUNDLE_IDENTIFIER = com.blake.GreenBeansSBTests;
				PRODUCT_NAME = "$(TARGET_NAME)";
				SWIFT_VERSION = 5.0;
				TARGETED_DEVICE_FAMILY = "1,2";
				TEST_HOST = "$(BUILT_PRODUCTS_DIR)/GreenBeansSB.app/GreenBeansSB";
			};
			name = Debug;
		};
		BB61A72E25EDFB7500EB1228 /* Release */ = {
			isa = XCBuildConfiguration;
			baseConfigurationReference = 85F037401CE501A05F1518F6 /* Pods-GreenBeansSBTests.release.xcconfig */;
			buildSettings = {
				ALWAYS_EMBED_SWIFT_STANDARD_LIBRARIES = YES;
				BUNDLE_LOADER = "$(TEST_HOST)";
				CODE_SIGN_STYLE = Automatic;
				DEVELOPMENT_TEAM = Z2A427979Q;
				INFOPLIST_FILE = GreenBeansSBTests/Info.plist;
				IPHONEOS_DEPLOYMENT_TARGET = 14.4;
				LD_RUNPATH_SEARCH_PATHS = (
					"$(inherited)",
					"@executable_path/Frameworks",
					"@loader_path/Frameworks",
				);
				PRODUCT_BUNDLE_IDENTIFIER = com.blake.GreenBeansSBTests;
				PRODUCT_NAME = "$(TARGET_NAME)";
				SWIFT_VERSION = 5.0;
				TARGETED_DEVICE_FAMILY = "1,2";
				TEST_HOST = "$(BUILT_PRODUCTS_DIR)/GreenBeansSB.app/GreenBeansSB";
			};
			name = Release;
		};
		BB61A73025EDFB7500EB1228 /* Debug */ = {
			isa = XCBuildConfiguration;
			baseConfigurationReference = 96C96497DE0E4DF2183138DE /* Pods-GreenBeansSB-GreenBeansSBUITests.debug.xcconfig */;
			buildSettings = {
				ALWAYS_EMBED_SWIFT_STANDARD_LIBRARIES = YES;
				CODE_SIGN_STYLE = Automatic;
				DEVELOPMENT_TEAM = Z2A427979Q;
				INFOPLIST_FILE = GreenBeansSBUITests/Info.plist;
				LD_RUNPATH_SEARCH_PATHS = (
					"$(inherited)",
					"@executable_path/Frameworks",
					"@loader_path/Frameworks",
				);
				PRODUCT_BUNDLE_IDENTIFIER = com.blake.GreenBeansSBUITests;
				PRODUCT_NAME = "$(TARGET_NAME)";
				SWIFT_VERSION = 5.0;
				TARGETED_DEVICE_FAMILY = "1,2";
				TEST_TARGET_NAME = GreenBeansSB;
			};
			name = Debug;
		};
		BB61A73125EDFB7500EB1228 /* Release */ = {
			isa = XCBuildConfiguration;
			baseConfigurationReference = 6E1140A3A0AFFA4BB5909D64 /* Pods-GreenBeansSB-GreenBeansSBUITests.release.xcconfig */;
			buildSettings = {
				ALWAYS_EMBED_SWIFT_STANDARD_LIBRARIES = YES;
				CODE_SIGN_STYLE = Automatic;
				DEVELOPMENT_TEAM = Z2A427979Q;
				INFOPLIST_FILE = GreenBeansSBUITests/Info.plist;
				LD_RUNPATH_SEARCH_PATHS = (
					"$(inherited)",
					"@executable_path/Frameworks",
					"@loader_path/Frameworks",
				);
				PRODUCT_BUNDLE_IDENTIFIER = com.blake.GreenBeansSBUITests;
				PRODUCT_NAME = "$(TARGET_NAME)";
				SWIFT_VERSION = 5.0;
				TARGETED_DEVICE_FAMILY = "1,2";
				TEST_TARGET_NAME = GreenBeansSB;
			};
			name = Release;
		};
/* End XCBuildConfiguration section */

/* Begin XCConfigurationList section */
		BB61A6FA25EDFB7000EB1228 /* Build configuration list for PBXProject "GreenBeansSB" */ = {
			isa = XCConfigurationList;
			buildConfigurations = (
				BB61A72725EDFB7500EB1228 /* Debug */,
				BB61A72825EDFB7500EB1228 /* Release */,
			);
			defaultConfigurationIsVisible = 0;
			defaultConfigurationName = Release;
		};
		BB61A72925EDFB7500EB1228 /* Build configuration list for PBXNativeTarget "GreenBeansSB" */ = {
			isa = XCConfigurationList;
			buildConfigurations = (
				BB61A72A25EDFB7500EB1228 /* Debug */,
				BB61A72B25EDFB7500EB1228 /* Release */,
			);
			defaultConfigurationIsVisible = 0;
			defaultConfigurationName = Release;
		};
		BB61A72C25EDFB7500EB1228 /* Build configuration list for PBXNativeTarget "GreenBeansSBTests" */ = {
			isa = XCConfigurationList;
			buildConfigurations = (
				BB61A72D25EDFB7500EB1228 /* Debug */,
				BB61A72E25EDFB7500EB1228 /* Release */,
			);
			defaultConfigurationIsVisible = 0;
			defaultConfigurationName = Release;
		};
		BB61A72F25EDFB7500EB1228 /* Build configuration list for PBXNativeTarget "GreenBeansSBUITests" */ = {
			isa = XCConfigurationList;
			buildConfigurations = (
				BB61A73025EDFB7500EB1228 /* Debug */,
				BB61A73125EDFB7500EB1228 /* Release */,
			);
			defaultConfigurationIsVisible = 0;
			defaultConfigurationName = Release;
		};
/* End XCConfigurationList section */

/* Begin XCRemoteSwiftPackageReference section */
		BBBF3C4526412C81000E97F9 /* XCRemoteSwiftPackageReference "firebase-ios-sdk" */ = {
			isa = XCRemoteSwiftPackageReference;
			repositoryURL = "https://github.com/firebase/firebase-ios-sdk.git";
			requirement = {
				kind = upToNextMajorVersion;
				minimumVersion = 7.11.1;
			};
		};
/* End XCRemoteSwiftPackageReference section */

/* Begin XCSwiftPackageProductDependency section */
		BBBF3C4626412C81000E97F9 /* FirebaseStorageSwift-Beta */ = {
			isa = XCSwiftPackageProductDependency;
			package = BBBF3C4526412C81000E97F9 /* XCRemoteSwiftPackageReference "firebase-ios-sdk" */;
			productName = "FirebaseStorageSwift-Beta";
		};
		BBBF3C4826412C81000E97F9 /* FirebaseFirestoreSwift-Beta */ = {
			isa = XCSwiftPackageProductDependency;
			package = BBBF3C4526412C81000E97F9 /* XCRemoteSwiftPackageReference "firebase-ios-sdk" */;
			productName = "FirebaseFirestoreSwift-Beta";
		};
		BBBF3C4A26412C81000E97F9 /* FirebaseStorage */ = {
			isa = XCSwiftPackageProductDependency;
			package = BBBF3C4526412C81000E97F9 /* XCRemoteSwiftPackageReference "firebase-ios-sdk" */;
			productName = FirebaseStorage;
		};
		BBBF3C4C26412C81000E97F9 /* FirebaseAuth */ = {
			isa = XCSwiftPackageProductDependency;
			package = BBBF3C4526412C81000E97F9 /* XCRemoteSwiftPackageReference "firebase-ios-sdk" */;
			productName = FirebaseAuth;
		};
		BBBF3C4E26412C81000E97F9 /* FirebaseFirestore */ = {
			isa = XCSwiftPackageProductDependency;
			package = BBBF3C4526412C81000E97F9 /* XCRemoteSwiftPackageReference "firebase-ios-sdk" */;
			productName = FirebaseFirestore;
		};
		BBBF3C5026412C81000E97F9 /* FirebaseDatabase */ = {
			isa = XCSwiftPackageProductDependency;
			package = BBBF3C4526412C81000E97F9 /* XCRemoteSwiftPackageReference "firebase-ios-sdk" */;
			productName = FirebaseDatabase;
		};
/* End XCSwiftPackageProductDependency section */
	};
	rootObject = BB61A6F725EDFB7000EB1228 /* Project object */;
}
